<?xml version="1.0" encoding="utf-8"?>
<Project ToolsVersion="4.0" xmlns="http://schemas.microsoft.com/developer/msbuild/2003">
  <ItemGroup>
    <Filter Include="File di origine">
      <UniqueIdentifier>{4FC737F1-C7A5-4376-A066-2A32D752A2FF}</UniqueIdentifier>
      <Extensions>cpp;c;cc;cxx;def;odl;idl;hpj;bat;asm;asmx</Extensions>
    </Filter>
    <Filter Include="File di intestazione">
      <UniqueIdentifier>{93995380-89BD-4b04-88EB-625FBE52EBFB}</UniqueIdentifier>
      <Extensions>h;hh;hpp;hxx;hm;inl;inc;ipp;xsd</Extensions>
    </Filter>
    <Filter Include="File di risorse">
      <UniqueIdentifier>{67DA6AB6-F800-4c08-8B7A-83BB121AAD01}</UniqueIdentifier>
      <Extensions>rc;ico;cur;bmp;dlg;rc2;rct;bin;rgs;gif;jpg;jpeg;jpe;resx;tiff;tif;png;wav;mfcribbon-ms</Extensions>
    </Filter>
  </ItemGroup>
  <ItemGroup>
    <ClInclude Include="targetver.h">
      <Filter>File di intestazione</Filter>
    </ClInclude>
    <ClInclude Include="Game\camera.h">
      <Filter>File di intestazione</Filter>
    </ClInclude>
    <ClInclude Include="Game\collide.h">
      <Filter>File di intestazione</Filter>
    </ClInclude>
    <ClInclude Include="Game\control.h">
      <Filter>File di intestazione</Filter>
    </ClInclude>
    <ClInclude Include="Game\debris.h">
      <Filter>File di intestazione</Filter>
    </ClInclude>
    <ClInclude Include="Game\door.h">
      <Filter>File di intestazione</Filter>
    </ClInclude>
    <ClInclude Include="Game\draw.h">
      <Filter>File di intestazione</Filter>
    </ClInclude>
    <ClInclude Include="Game\effect2.h">
      <Filter>File di intestazione</Filter>
    </ClInclude>
    <ClInclude Include="Game\flmtorch.h">
      <Filter>File di intestazione</Filter>
    </ClInclude>
    <ClInclude Include="Game\gameflow.h">
      <Filter>File di intestazione</Filter>
    </ClInclude>
    <ClInclude Include="Game\hair.h">
      <Filter>File di intestazione</Filter>
    </ClInclude>
    <ClInclude Include="Game\items.h">
      <Filter>File di intestazione</Filter>
    </ClInclude>
    <ClInclude Include="Game\lot.h">
      <Filter>File di intestazione</Filter>
    </ClInclude>
    <ClInclude Include="Game\misc.h">
      <Filter>File di intestazione</Filter>
    </ClInclude>
    <ClInclude Include="Game\missile.h">
      <Filter>File di intestazione</Filter>
    </ClInclude>
    <ClInclude Include="Game\objects.h">
      <Filter>File di intestazione</Filter>
    </ClInclude>
    <ClInclude Include="Game\people.h">
      <Filter>File di intestazione</Filter>
    </ClInclude>
    <ClInclude Include="Game\pickup.h">
      <Filter>File di intestazione</Filter>
    </ClInclude>
    <ClInclude Include="Game\rope.h">
      <Filter>File di intestazione</Filter>
    </ClInclude>
    <ClInclude Include="Game\savegame.h">
      <Filter>File di intestazione</Filter>
    </ClInclude>
    <ClInclude Include="Game\sound.h">
      <Filter>File di intestazione</Filter>
    </ClInclude>
    <ClInclude Include="Game\sphere.h">
      <Filter>File di intestazione</Filter>
    </ClInclude>
    <ClInclude Include="Game\spotcam.h">
      <Filter>File di intestazione</Filter>
    </ClInclude>
    <ClInclude Include="Game\switch.h">
      <Filter>File di intestazione</Filter>
    </ClInclude>
    <ClInclude Include="Game\text.h">
      <Filter>File di intestazione</Filter>
    </ClInclude>
    <ClInclude Include="Game\tomb4fx.h">
      <Filter>File di intestazione</Filter>
    </ClInclude>
    <ClInclude Include="Game\traps.h">
      <Filter>File di intestazione</Filter>
    </ClInclude>
    <ClInclude Include="Specific\setup.h">
      <Filter>File di intestazione</Filter>
    </ClInclude>
    <ClInclude Include="CustomObjects\cobra.h">
      <Filter>File di intestazione</Filter>
    </ClInclude>
    <ClInclude Include="CustomObjects\tiger.h">
      <Filter>File di intestazione</Filter>
    </ClInclude>
    <ClInclude Include="CustomObjects\customtraps.h">
      <Filter>File di intestazione</Filter>
    </ClInclude>
    <ClInclude Include="CustomObjects\dino.h">
      <Filter>File di intestazione</Filter>
    </ClInclude>
    <ClInclude Include="CustomObjects\frogman.h">
      <Filter>File di intestazione</Filter>
    </ClInclude>
    <ClInclude Include="CustomObjects\tribesman.h">
      <Filter>File di intestazione</Filter>
    </ClInclude>
    <ClInclude Include="CustomObjects\monk.h">
      <Filter>File di intestazione</Filter>
    </ClInclude>
    <ClInclude Include="CustomObjects\eagle.h">
      <Filter>File di intestazione</Filter>
    </ClInclude>
    <ClInclude Include="CustomObjects\bear.h">
      <Filter>File di intestazione</Filter>
    </ClInclude>
    <ClInclude Include="CustomObjects\raptor.h">
      <Filter>File di intestazione</Filter>
    </ClInclude>
    <ClInclude Include="CustomObjects\shark.h">
      <Filter>File di intestazione</Filter>
    </ClInclude>
    <ClInclude Include="Specific\input.h">
      <Filter>File di intestazione</Filter>
    </ClInclude>
    <ClInclude Include="Specific\winmain.h">
      <Filter>File di intestazione</Filter>
    </ClInclude>
    <ClInclude Include="Game\inventory.h">
      <Filter>File di intestazione</Filter>
    </ClInclude>
    <ClInclude Include="Scripting\GameFlowScript.h">
      <Filter>File di intestazione</Filter>
    </ClInclude>
    <ClInclude Include="Scripting\GameLogicScript.h">
      <Filter>File di intestazione</Filter>
    </ClInclude>
    <ClInclude Include="Specific\IO\ChunkReader.h">
      <Filter>File di intestazione</Filter>
    </ClInclude>
    <ClInclude Include="Specific\IO\LEB128.h">
      <Filter>File di intestazione</Filter>
    </ClInclude>
    <ClInclude Include="Specific\IO\ChunkId.h">
      <Filter>File di intestazione</Filter>
    </ClInclude>
    <ClInclude Include="Specific\IO\Streams.h">
      <Filter>File di intestazione</Filter>
    </ClInclude>
    <ClInclude Include="Specific\IO\ChunkWriter.h">
      <Filter>File di intestazione</Filter>
    </ClInclude>
    <ClInclude Include="resource.h">
      <Filter>File di intestazione</Filter>
    </ClInclude>
    <ClInclude Include="Renderer\Renderer11.h">
      <Filter>File di intestazione</Filter>
    </ClInclude>
    <ClInclude Include="Scripting\LanguageScript.h">
      <Filter>File di intestazione</Filter>
    </ClInclude>
    <ClInclude Include="Specific\configuration.h">
      <Filter>File di intestazione</Filter>
    </ClInclude>
    <ClInclude Include="Libs\fixedpoint\fixed_point.hpp">
      <Filter>File di intestazione</Filter>
    </ClInclude>
    <ClInclude Include="Game\groundfx.h">
      <Filter>File di intestazione</Filter>
    </ClInclude>
    <ClInclude Include="Game\footprint.h">
      <Filter>File di intestazione</Filter>
    </ClInclude>
    <ClInclude Include="Renderer\Frustum.h">
      <Filter>File di intestazione</Filter>
    </ClInclude>
    <ClInclude Include="Game\bubble.h">
      <Filter>File di intestazione</Filter>
    </ClInclude>
    <ClInclude Include="Specific\level.h">
      <Filter>File di intestazione</Filter>
    </ClInclude>
    <ClInclude Include="Game\box.h">
      <Filter>File di intestazione</Filter>
    </ClInclude>
    <ClInclude Include="Objects\TR4\Entity\tr4_wraith.h">
      <Filter>File di intestazione</Filter>
    </ClInclude>
    <ClInclude Include="Objects\TR4\Entity\tr4_ahmet.h">
      <Filter>File di intestazione</Filter>
    </ClInclude>
    <ClInclude Include="Objects\TR4\Entity\tr4_baddy.h">
      <Filter>File di intestazione</Filter>
    </ClInclude>
    <ClInclude Include="Objects\TR4\Entity\tr4_bat.h">
      <Filter>File di intestazione</Filter>
    </ClInclude>
    <ClInclude Include="Objects\TR4\Entity\tr4_bigscorpion.h">
      <Filter>File di intestazione</Filter>
    </ClInclude>
    <ClInclude Include="Objects\TR4\Entity\tr4_crocodile.h">
      <Filter>File di intestazione</Filter>
    </ClInclude>
    <ClInclude Include="Objects\TR4\Entity\tr4_demigod.h">
      <Filter>File di intestazione</Filter>
    </ClInclude>
    <ClInclude Include="Objects\TR4\Entity\tr4_guide.h">
      <Filter>File di intestazione</Filter>
    </ClInclude>
    <ClInclude Include="Objects\TR4\Entity\tr4_harpy.h">
      <Filter>File di intestazione</Filter>
    </ClInclude>
    <ClInclude Include="Objects\TR4\Entity\tr4_horseman.h">
      <Filter>File di intestazione</Filter>
    </ClInclude>
    <ClInclude Include="Objects\TR4\Entity\tr4_jeanyves.h">
      <Filter>File di intestazione</Filter>
    </ClInclude>
    <ClInclude Include="Objects\TR4\Entity\tr4_knighttemplar.h">
      <Filter>File di intestazione</Filter>
    </ClInclude>
    <ClInclude Include="Objects\TR4\Entity\tr4_littlebeetle.h">
      <Filter>File di intestazione</Filter>
    </ClInclude>
    <ClInclude Include="Objects\TR4\Entity\tr4_mummy.h">
      <Filter>File di intestazione</Filter>
    </ClInclude>
    <ClInclude Include="Objects\TR4\Entity\tr4_sas.h">
      <Filter>File di intestazione</Filter>
    </ClInclude>
    <ClInclude Include="Objects\TR4\Entity\tr4_skeleton.h">
      <Filter>File di intestazione</Filter>
    </ClInclude>
    <ClInclude Include="Objects\TR4\Entity\tr4_smallscorpion.h">
      <Filter>File di intestazione</Filter>
    </ClInclude>
    <ClInclude Include="Objects\TR4\Entity\tr4_sphinx.h">
      <Filter>File di intestazione</Filter>
    </ClInclude>
    <ClInclude Include="Objects\TR4\Entity\tr4_troops.h">
      <Filter>File di intestazione</Filter>
    </ClInclude>
    <ClInclude Include="Objects\TR4\Entity\tr4_wildboar.h">
      <Filter>File di intestazione</Filter>
    </ClInclude>
    <ClInclude Include="Objects\TR4\Entity\tr4_sentrygun.h">
      <Filter>File di intestazione</Filter>
    </ClInclude>
    <ClInclude Include="framework.h">
      <Filter>File di intestazione</Filter>
    </ClInclude>
    <ClInclude Include="Game\health.h">
      <Filter>File di intestazione</Filter>
    </ClInclude>
    <ClInclude Include="Game\flipeffect.h">
      <Filter>File di intestazione</Filter>
    </ClInclude>
    <ClInclude Include="Objects\TR4\tr4_objects.h">
      <Filter>File di intestazione</Filter>
    </ClInclude>
    <ClInclude Include="Objects\TR5\tr5_objects.h">
      <Filter>File di intestazione</Filter>
    </ClInclude>
    <ClInclude Include="Objects\TR1\tr1_objects.h">
      <Filter>File di intestazione</Filter>
    </ClInclude>
    <ClInclude Include="Objects\TR2\tr2_objects.h">
      <Filter>File di intestazione</Filter>
    </ClInclude>
    <ClInclude Include="Objects\TR3\tr3_objects.h">
      <Filter>File di intestazione</Filter>
    </ClInclude>
    <ClInclude Include="Libs\bass\bass.h">
      <Filter>File di intestazione</Filter>
    </ClInclude>
    <ClInclude Include="Libs\bass\bass_fx.h">
      <Filter>File di intestazione</Filter>
    </ClInclude>
    <ClInclude Include="Libs\bass\bassmix.h">
      <Filter>File di intestazione</Filter>
    </ClInclude>
    <ClInclude Include="Libs\fixedpoint\fixed_point.h">
      <Filter>File di intestazione</Filter>
    </ClInclude>
    <ClInclude Include="Libs\lua\lauxlib.h">
      <Filter>File di intestazione</Filter>
    </ClInclude>
    <ClInclude Include="Libs\lua\lua.h">
      <Filter>File di intestazione</Filter>
    </ClInclude>
    <ClInclude Include="Libs\lua\luaconf.h">
      <Filter>File di intestazione</Filter>
    </ClInclude>
    <ClInclude Include="Libs\lua\lualib.h">
      <Filter>File di intestazione</Filter>
    </ClInclude>
    <ClInclude Include="Libs\sol2\sol.hpp">
      <Filter>File di intestazione</Filter>
    </ClInclude>
    <ClInclude Include="Libs\zlib\unzip.h">
      <Filter>File di intestazione</Filter>
    </ClInclude>
    <ClInclude Include="Libs\zlib\zconf.h">
      <Filter>File di intestazione</Filter>
    </ClInclude>
    <ClInclude Include="Libs\zlib\zip.h">
      <Filter>File di intestazione</Filter>
    </ClInclude>
    <ClInclude Include="Libs\zlib\zlib.h">
      <Filter>File di intestazione</Filter>
    </ClInclude>
    <ClInclude Include="Libs\zlib\ioapi.h">
      <Filter>File di intestazione</Filter>
    </ClInclude>
    <ClInclude Include="Objects\TR4\Trap\tr4_fourblades.h">
      <Filter>File di intestazione</Filter>
    </ClInclude>
    <ClInclude Include="Objects\TR4\Trap\tr4_birdblade.h">
      <Filter>File di intestazione</Filter>
    </ClInclude>
    <ClInclude Include="Objects\TR4\Trap\tr4_catwalkblade.h">
      <Filter>File di intestazione</Filter>
    </ClInclude>
    <ClInclude Include="Objects\TR4\Trap\tr4_plinthblade.h">
      <Filter>File di intestazione</Filter>
    </ClInclude>
    <ClInclude Include="Objects\TR4\Trap\tr4_sethblade.h">
      <Filter>File di intestazione</Filter>
    </ClInclude>
    <ClInclude Include="Objects\TR4\Trap\tr4_chain.h">
      <Filter>File di intestazione</Filter>
    </ClInclude>
    <ClInclude Include="Objects\TR4\Trap\tr4_plough.h">
      <Filter>File di intestazione</Filter>
    </ClInclude>
    <ClInclude Include="Objects\TR4\Trap\tr4_stargate.h">
      <Filter>File di intestazione</Filter>
    </ClInclude>
    <ClInclude Include="Objects\TR4\Trap\tr4_spikeball.h">
      <Filter>File di intestazione</Filter>
    </ClInclude>
    <ClInclude Include="Objects\TR4\Trap\tr4_mine.h">
      <Filter>File di intestazione</Filter>
    </ClInclude>
    <ClInclude Include="Objects\TR4\Floor\tr4_burningfloor.h">
      <Filter>File di intestazione</Filter>
    </ClInclude>
    <ClInclude Include="Objects\TR4\Trap\tr4_slicerdicer.h">
      <Filter>File di intestazione</Filter>
    </ClInclude>
    <ClInclude Include="Objects\TR4\Trap\tr4_spikywall.h">
      <Filter>File di intestazione</Filter>
    </ClInclude>
    <ClInclude Include="Objects\TR4\Trap\tr4_spikyceiling.h">
      <Filter>File di intestazione</Filter>
    </ClInclude>
    <ClInclude Include="Objects\TR2\Trap\tr2_springboard.h">
      <Filter>File di intestazione</Filter>
    </ClInclude>
    <ClInclude Include="Objects\TR2\Trap\tr2_killerstatue.h">
      <Filter>File di intestazione</Filter>
    </ClInclude>
    <ClInclude Include="Objects\TR4\Trap\tr4_blade.h">
      <Filter>File di intestazione</Filter>
    </ClInclude>
    <ClInclude Include="Objects\TR2\Trap\tr2_spinningblade.h">
      <Filter>File di intestazione</Filter>
    </ClInclude>
    <ClInclude Include="Objects\TR3\Vehicles\kayak.h">
      <Filter>File di intestazione</Filter>
    </ClInclude>
    <ClInclude Include="Objects\TR3\Vehicles\minecart.h">
      <Filter>File di intestazione</Filter>
    </ClInclude>
    <ClInclude Include="Objects\TR3\Vehicles\quad.h">
      <Filter>File di intestazione</Filter>
    </ClInclude>
    <ClInclude Include="Objects\TR3\Vehicles\upv.h">
      <Filter>File di intestazione</Filter>
    </ClInclude>
    <ClInclude Include="Objects\TR2\Vehicles\boat.h">
      <Filter>File di intestazione</Filter>
    </ClInclude>
    <ClInclude Include="Objects\TR2\Vehicles\snowmobile.h">
      <Filter>File di intestazione</Filter>
    </ClInclude>
    <ClInclude Include="Objects\TR3\Vehicles\rubberboat.h">
      <Filter>File di intestazione</Filter>
    </ClInclude>
    <ClInclude Include="Objects\TR2\Entity\tr2_barracuda.h">
      <Filter>File di intestazione</Filter>
    </ClInclude>
    <ClInclude Include="Objects\TR2\Entity\tr2_birdmonster.h">
      <Filter>File di intestazione</Filter>
    </ClInclude>
    <ClInclude Include="Objects\TR2\Entity\tr2_dragon.h">
      <Filter>File di intestazione</Filter>
    </ClInclude>
    <ClInclude Include="Objects\TR2\Entity\tr2_knifethrower.h">
      <Filter>File di intestazione</Filter>
    </ClInclude>
    <ClInclude Include="Objects\TR2\Entity\tr2_mercenary.h">
      <Filter>File di intestazione</Filter>
    </ClInclude>
    <ClInclude Include="Objects\TR2\Entity\tr2_monk.h">
      <Filter>File di intestazione</Filter>
    </ClInclude>
    <ClInclude Include="Objects\TR2\Entity\tr2_rat.h">
      <Filter>File di intestazione</Filter>
    </ClInclude>
    <ClInclude Include="Objects\TR2\Entity\tr2_shark.h">
      <Filter>File di intestazione</Filter>
    </ClInclude>
    <ClInclude Include="Objects\TR2\Entity\tr2_silencer.h">
      <Filter>File di intestazione</Filter>
    </ClInclude>
    <ClInclude Include="Objects\TR2\Entity\tr2_skidman.h">
      <Filter>File di intestazione</Filter>
    </ClInclude>
    <ClInclude Include="Objects\TR2\Entity\tr2_spear_guardian.h">
      <Filter>File di intestazione</Filter>
    </ClInclude>
    <ClInclude Include="Objects\TR2\Entity\tr2_spider.h">
      <Filter>File di intestazione</Filter>
    </ClInclude>
    <ClInclude Include="Objects\TR2\Entity\tr2_sword_guardian.h">
      <Filter>File di intestazione</Filter>
    </ClInclude>
    <ClInclude Include="Objects\TR2\Entity\tr2_worker_dualrevolver.h">
      <Filter>File di intestazione</Filter>
    </ClInclude>
    <ClInclude Include="Objects\TR2\Entity\tr2_worker_flamethrower.h">
      <Filter>File di intestazione</Filter>
    </ClInclude>
    <ClInclude Include="Objects\TR2\Entity\tr2_worker_machinegun.h">
      <Filter>File di intestazione</Filter>
    </ClInclude>
    <ClInclude Include="Objects\TR2\Entity\tr2_worker_shotgun.h">
      <Filter>File di intestazione</Filter>
    </ClInclude>
    <ClInclude Include="Objects\TR2\Entity\tr2_yeti.h">
      <Filter>File di intestazione</Filter>
    </ClInclude>
    <ClInclude Include="Objects\TR2\Entity\tr2_eagle_or_crow.h">
      <Filter>File di intestazione</Filter>
    </ClInclude>
    <ClInclude Include="Objects\TR3\Entity\tr3_tony.h">
      <Filter>File di intestazione</Filter>
    </ClInclude>
    <ClInclude Include="Objects\TR3\boss.h">
      <Filter>File di intestazione</Filter>
    </ClInclude>
    <ClInclude Include="Objects\TR3\fish.h">
      <Filter>File di intestazione</Filter>
    </ClInclude>
    <ClInclude Include="Objects\TR1\Entity\tr1_ape.h">
      <Filter>File di intestazione</Filter>
    </ClInclude>
    <ClInclude Include="Objects\TR1\Entity\tr1_bear.h">
      <Filter>File di intestazione</Filter>
    </ClInclude>
    <ClInclude Include="Objects\TR1\Entity\tr1_doppelganger.h">
      <Filter>File di intestazione</Filter>
    </ClInclude>
    <ClInclude Include="Objects\TR1\Entity\tr1_natla.h">
      <Filter>File di intestazione</Filter>
    </ClInclude>
    <ClInclude Include="Objects\TR1\Entity\tr1_wolf.h">
      <Filter>File di intestazione</Filter>
    </ClInclude>
    <ClInclude Include="Objects\TR3\Entity\tr3_civvy.h">
      <Filter>File di intestazione</Filter>
    </ClInclude>
    <ClInclude Include="Objects\TR3\Entity\tr3_cobra.h">
      <Filter>File di intestazione</Filter>
    </ClInclude>
    <ClInclude Include="Objects\TR3\Entity\tr3_fishemitter.h">
      <Filter>File di intestazione</Filter>
    </ClInclude>
    <ClInclude Include="Objects\TR3\Entity\tr3_flamethrower.h">
      <Filter>File di intestazione</Filter>
    </ClInclude>
    <ClInclude Include="Objects\TR3\Entity\tr3_monkey.h">
      <Filter>File di intestazione</Filter>
    </ClInclude>
    <ClInclude Include="Objects\TR3\Entity\tr3_mpgun.h">
      <Filter>File di intestazione</Filter>
    </ClInclude>
    <ClInclude Include="Objects\TR3\Entity\tr3_mpstick.h">
      <Filter>File di intestazione</Filter>
    </ClInclude>
    <ClInclude Include="Objects\TR3\Entity\tr3_raptor.h">
      <Filter>File di intestazione</Filter>
    </ClInclude>
    <ClInclude Include="Objects\TR3\Entity\tr3_scuba.h">
      <Filter>File di intestazione</Filter>
    </ClInclude>
    <ClInclude Include="Objects\TR3\Entity\tr3_shiva.h">
      <Filter>File di intestazione</Filter>
    </ClInclude>
    <ClInclude Include="Objects\TR3\Entity\tr3_sophia.h">
      <Filter>File di intestazione</Filter>
    </ClInclude>
    <ClInclude Include="Objects\TR3\Entity\tr3_tiger.h">
      <Filter>File di intestazione</Filter>
    </ClInclude>
    <ClInclude Include="Objects\TR3\Entity\tr3_trex.h">
      <Filter>File di intestazione</Filter>
    </ClInclude>
    <ClInclude Include="Objects\TR3\Entity\tr3_tribesman.h">
      <Filter>File di intestazione</Filter>
    </ClInclude>
    <ClInclude Include="Objects\TR5\Entity\tr5_autoguns.h">
      <Filter>File di intestazione</Filter>
    </ClInclude>
    <ClInclude Include="Objects\TR5\Entity\tr5_brownbeast.h">
      <Filter>File di intestazione</Filter>
    </ClInclude>
    <ClInclude Include="Objects\TR5\Entity\tr5_chef.h">
      <Filter>File di intestazione</Filter>
    </ClInclude>
    <ClInclude Include="Objects\TR5\Entity\tr5_cyborg.h">
      <Filter>File di intestazione</Filter>
    </ClInclude>
    <ClInclude Include="Objects\TR5\Entity\tr5_doberman.h">
      <Filter>File di intestazione</Filter>
    </ClInclude>
    <ClInclude Include="Objects\TR5\Entity\tr5_dog.h">
      <Filter>File di intestazione</Filter>
    </ClInclude>
    <ClInclude Include="Objects\TR5\Entity\tr5_ghost.h">
      <Filter>File di intestazione</Filter>
    </ClInclude>
    <ClInclude Include="Objects\TR5\Entity\tr5_gladiator.h">
      <Filter>File di intestazione</Filter>
    </ClInclude>
    <ClInclude Include="Objects\TR5\Entity\tr5_guard.h">
      <Filter>File di intestazione</Filter>
    </ClInclude>
    <ClInclude Include="Objects\TR5\Entity\tr5_hydra.h">
      <Filter>File di intestazione</Filter>
    </ClInclude>
    <ClInclude Include="Objects\TR5\Entity\tr5_imp.h">
      <Filter>File di intestazione</Filter>
    </ClInclude>
    <ClInclude Include="Objects\TR5\Entity\tr5_lagoon_witch.h">
      <Filter>File di intestazione</Filter>
    </ClInclude>
    <ClInclude Include="Objects\TR5\Entity\tr5_larson.h">
      <Filter>File di intestazione</Filter>
    </ClInclude>
    <ClInclude Include="Objects\TR5\Entity\tr5_laser_head.h">
      <Filter>File di intestazione</Filter>
    </ClInclude>
    <ClInclude Include="Objects\TR5\Entity\tr5_lion.h">
      <Filter>File di intestazione</Filter>
    </ClInclude>
    <ClInclude Include="Objects\TR5\Entity\tr5_reaper.h">
      <Filter>File di intestazione</Filter>
    </ClInclude>
    <ClInclude Include="Objects\TR5\Entity\tr5_roman_statue.h">
      <Filter>File di intestazione</Filter>
    </ClInclude>
    <ClInclude Include="Objects\TR5\Entity\tr5_submarine.h">
      <Filter>File di intestazione</Filter>
    </ClInclude>
    <ClInclude Include="Objects\TR5\Entity\tr5_willowwisp.h">
      <Filter>File di intestazione</Filter>
    </ClInclude>
    <ClInclude Include="Objects\TR5\Entity\tr5_gunship.h">
      <Filter>File di intestazione</Filter>
    </ClInclude>
    <ClInclude Include="Objects\TR5\Emitter\tr5_bats_emitter.h">
      <Filter>File di intestazione</Filter>
    </ClInclude>
    <ClInclude Include="Objects\TR5\Emitter\tr5_rats_emitter.h">
      <Filter>File di intestazione</Filter>
    </ClInclude>
    <ClInclude Include="Objects\TR5\Emitter\tr5_spider_emitter.h">
      <Filter>File di intestazione</Filter>
    </ClInclude>
    <ClInclude Include="Objects\TR5\Shatter\tr5_smashobject.h">
      <Filter>File di intestazione</Filter>
    </ClInclude>
    <ClInclude Include="Objects\TR5\Object\tr5_pushableblock.h">
      <Filter>File di intestazione</Filter>
    </ClInclude>
    <ClInclude Include="Objects\TR5\Object\tr5_twoblockplatform.h">
      <Filter>File di intestazione</Filter>
    </ClInclude>
    <ClInclude Include="Objects\TR5\Object\tr5_missile.h">
      <Filter>File di intestazione</Filter>
    </ClInclude>
    <ClInclude Include="Objects\TR5\Trap\tr5_teethspike.h">
      <Filter>File di intestazione</Filter>
    </ClInclude>
    <ClInclude Include="Objects\TR5\Trap\tr5_ventilator.h">
      <Filter>File di intestazione</Filter>
    </ClInclude>
    <ClInclude Include="Objects\TR5\Emitter\tr5_dart_emitter.h">
      <Filter>File di intestazione</Filter>
    </ClInclude>
    <ClInclude Include="Objects\TR4\Vehicles\jeep.h">
      <Filter>File di intestazione</Filter>
    </ClInclude>
    <ClInclude Include="Objects\TR4\Vehicles\motorbike.h">
      <Filter>File di intestazione</Filter>
    </ClInclude>
    <ClInclude Include="Objects\Effects\tr4_bubbles.h">
      <Filter>File di intestazione</Filter>
    </ClInclude>
    <ClInclude Include="Objects\Utils\object_helper.h">
      <Filter>File di intestazione</Filter>
    </ClInclude>
    <ClInclude Include="Objects\TR4\Object\tr4_scales.h">
      <Filter>File di intestazione</Filter>
    </ClInclude>
    <ClInclude Include="Objects\TR4\Object\tr4_sarcophagus.h">
      <Filter>File di intestazione</Filter>
    </ClInclude>
    <ClInclude Include="Objects\TR4\Trap\tr4_cog.h">
      <Filter>File di intestazione</Filter>
    </ClInclude>
    <ClInclude Include="Objects\TR4\Object\tr4_laradouble.h">
      <Filter>File di intestazione</Filter>
    </ClInclude>
    <ClInclude Include="Objects\TR5\Switch\tr5_raisingcog.h">
      <Filter>File di intestazione</Filter>
    </ClInclude>
    <ClInclude Include="Game\phd_global.h">
      <Filter>File di intestazione</Filter>
    </ClInclude>
    <ClInclude Include="Game\room.h">
      <Filter>File di intestazione</Filter>
    </ClInclude>
    <ClInclude Include="Renderer\RenderEnums.h">
      <Filter>File di intestazione</Filter>
    </ClInclude>
    <ClInclude Include="Game\trmath.h">
      <Filter>File di intestazione</Filter>
    </ClInclude>
    <ClInclude Include="Specific\newtypes.h">
      <Filter>File di intestazione</Filter>
    </ClInclude>
    <ClInclude Include="Objects\TR5\Light\tr5_light.h">
      <Filter>File di intestazione</Filter>
    </ClInclude>
    <ClInclude Include="Objects\TR5\Object\tr5_raisingblock.h">
      <Filter>File di intestazione</Filter>
    </ClInclude>
    <ClInclude Include="Objects\TR5\Object\tr5_bodypart.h">
      <Filter>File di intestazione</Filter>
    </ClInclude>
    <ClInclude Include="Objects\TR5\Emitter\tr5_smoke_emitter.h">
      <Filter>File di intestazione</Filter>
    </ClInclude>
    <ClInclude Include="Objects\TR5\Object\tr5_teleporter.h">
      <Filter>File di intestazione</Filter>
    </ClInclude>
    <ClInclude Include="Objects\TR5\Object\tr5_highobject.h">
      <Filter>File di intestazione</Filter>
    </ClInclude>
    <ClInclude Include="Objects\TR5\Object\tr5_genslot.h">
      <Filter>File di intestazione</Filter>
    </ClInclude>
    <ClInclude Include="Objects\TR5\Trap\tr5_deathslide.h">
      <Filter>File di intestazione</Filter>
    </ClInclude>
    <ClInclude Include="Objects\Effects\tr5_electricity.h">
      <Filter>File di intestazione</Filter>
    </ClInclude>
    <ClInclude Include="Objects\TR5\Trap\tr5_romehammer.h">
      <Filter>File di intestazione</Filter>
    </ClInclude>
    <ClInclude Include="Objects\TR5\Trap\tr5_fallingceiling.h">
      <Filter>File di intestazione</Filter>
    </ClInclude>
    <ClInclude Include="Objects\TR5\Object\tr5_rollingball.h">
      <Filter>File di intestazione</Filter>
    </ClInclude>
    <ClInclude Include="Objects\TR4\Entity\tr4_baboon.h">
      <Filter>File di intestazione</Filter>
    </ClInclude>
    <ClInclude Include="Objects\objectslist.h">
      <Filter>File di intestazione</Filter>
    </ClInclude>
    <ClInclude Include="Objects\TR1\Entity\tr1_bigrat.h">
      <Filter>File di intestazione</Filter>
    </ClInclude>
    <ClInclude Include="Objects\Effects\tr4_locusts.h">
      <Filter>File di intestazione</Filter>
    </ClInclude>
    <ClInclude Include="Objects\TR4\Entity\tr4_mutant.h">
      <Filter>File di intestazione</Filter>
    </ClInclude>
    <ClInclude Include="Game\chaffFX.h">
      <Filter>File di intestazione</Filter>
    </ClInclude>
    <ClInclude Include="Game\smoke.h">
      <Filter>File di intestazione</Filter>
    </ClInclude>
    <ClInclude Include="Game\spark.h">
      <Filter>File di intestazione</Filter>
    </ClInclude>
    <ClInclude Include="Game\drip.h">
      <Filter>File di intestazione</Filter>
    </ClInclude>
    <ClInclude Include="Game\explosion.h">
      <Filter>File di intestazione</Filter>
    </ClInclude>
    <ClInclude Include="Renderer\Utils.h">
      <Filter>File di intestazione</Filter>
    </ClInclude>
    <ClInclude Include="Renderer\Texture2D\Texture2D.h">
      <Filter>File di intestazione</Filter>
    </ClInclude>
    <ClInclude Include="Renderer\RenderTarget2D\RenderTarget2D.h">
      <Filter>File di intestazione</Filter>
    </ClInclude>
    <ClInclude Include="Renderer\VertexBuffer\VertexBuffer.h">
      <Filter>File di intestazione</Filter>
    </ClInclude>
    <ClInclude Include="Renderer\IndexBuffer\IndexBuffer.h">
      <Filter>File di intestazione</Filter>
    </ClInclude>
    <ClInclude Include="Renderer\ConstantBuffers\CameraMatrixBuffer.h">
      <Filter>File di intestazione</Filter>
    </ClInclude>
    <ClInclude Include="Renderer\ConstantBuffers\HUDBarBuffer.h">
      <Filter>File di intestazione</Filter>
    </ClInclude>
    <ClInclude Include="Renderer\ConstantBuffers\HUDBuffer.h">
      <Filter>File di intestazione</Filter>
    </ClInclude>
    <ClInclude Include="Renderer\ConstantBuffers\ItemBuffer.h">
      <Filter>File di intestazione</Filter>
    </ClInclude>
    <ClInclude Include="Renderer\ConstantBuffers\LightBuffer.h">
      <Filter>File di intestazione</Filter>
    </ClInclude>
    <ClInclude Include="Renderer\ConstantBuffers\MiscBuffer.h">
      <Filter>File di intestazione</Filter>
    </ClInclude>
    <ClInclude Include="Renderer\ConstantBuffers\RoomBuffer.h">
      <Filter>File di intestazione</Filter>
    </ClInclude>
    <ClInclude Include="Renderer\ConstantBuffers\ShaderLight.h">
      <Filter>File di intestazione</Filter>
    </ClInclude>
    <ClInclude Include="Renderer\ConstantBuffers\ShadowLightBuffer.h">
      <Filter>File di intestazione</Filter>
    </ClInclude>
    <ClInclude Include="Renderer\ConstantBuffers\StaticBuffer.h">
      <Filter>File di intestazione</Filter>
    </ClInclude>
    <ClInclude Include="Renderer\Quad\RenderQuad.h">
      <Filter>File di intestazione</Filter>
    </ClInclude>
    <ClInclude Include="Renderer\ConstantBuffers\SpriteBuffer.h">
      <Filter>File di intestazione</Filter>
    </ClInclude>
    <ClInclude Include="Renderer\RenderTargetCube\RenderTargetCube.h">
      <Filter>File di intestazione</Filter>
    </ClInclude>
    <ClInclude Include="Renderer\RenderView\RenderView.h">
      <Filter>File di intestazione</Filter>
    </ClInclude>
    <ClInclude Include="Game\memory\qmalloc.h">
      <Filter>File di intestazione</Filter>
    </ClInclude>
    <ClInclude Include="Game\memory\MemoryPoolAllocator.h">
      <Filter>File di intestazione</Filter>
    </ClInclude>
    <ClInclude Include="Game\debug\debug.h">
      <Filter>File di intestazione</Filter>
    </ClInclude>
    <ClInclude Include="Game\Lara\lara.h">
      <Filter>File di intestazione</Filter>
    </ClInclude>
    <ClInclude Include="Game\Lara\lara_struct.h">
      <Filter>File di intestazione</Filter>
    </ClInclude>
    <ClInclude Include="Game\Lara\lara_tests.h">
      <Filter>File di intestazione</Filter>
    </ClInclude>
    <ClInclude Include="Game\Lara\lara_collide.h">
      <Filter>File di intestazione</Filter>
    </ClInclude>
    <ClInclude Include="Game\puzzles_keys.h">
      <Filter>File di intestazione</Filter>
    </ClInclude>
    <ClInclude Include="Game\Lara\lara_monkey.h">
      <Filter>File di intestazione</Filter>
    </ClInclude>
    <ClInclude Include="Game\Lara\lara_one_gun.h">
      <Filter>File di intestazione</Filter>
    </ClInclude>
    <ClInclude Include="Game\Lara\lara_climb.h">
      <Filter>File di intestazione</Filter>
    </ClInclude>
    <ClInclude Include="Game\Lara\lara_fire.h">
      <Filter>File di intestazione</Filter>
    </ClInclude>
    <ClInclude Include="Game\Lara\lara_flare.h">
      <Filter>File di intestazione</Filter>
    </ClInclude>
    <ClInclude Include="Game\Lara\lara_surface.h">
      <Filter>File di intestazione</Filter>
    </ClInclude>
    <ClInclude Include="Game\Lara\lara_swim.h">
      <Filter>File di intestazione</Filter>
    </ClInclude>
    <ClInclude Include="Game\Lara\lara_two_guns.h">
      <Filter>File di intestazione</Filter>
    </ClInclude>
    <ClInclude Include="Game\Lara\lara_crawl.h">
      <Filter>File di intestazione</Filter>
    </ClInclude>
    <ClInclude Include="Game\Lara\lara_hang.h">
      <Filter>File di intestazione</Filter>
    </ClInclude>
    <ClInclude Include="Game\Lara\lara_objects.h">
      <Filter>File di intestazione</Filter>
    </ClInclude>
    <ClInclude Include="Game\Lara\lara_slide.h">
      <Filter>File di intestazione</Filter>
    </ClInclude>
    <ClInclude Include="Game\Lara\lara_basic.h">
      <Filter>File di intestazione</Filter>
    </ClInclude>
    <ClInclude Include="Game\Lara\lara_initialise.h">
      <Filter>File di intestazione</Filter>
    </ClInclude>
    <ClInclude Include="Game\Lara\lara_cheat.h">
      <Filter>File di intestazione</Filter>
    </ClInclude>
    <ClInclude Include="Objects\TR4\Entity\tr4_enemy_jeep.h">
      <Filter>File di intestazione</Filter>
    </ClInclude>
    <ClInclude Include="Renderer\ConstantBuffer\ConstantBuffer.h">
      <Filter>File di intestazione</Filter>
    </ClInclude>
    <ClInclude Include="Renderer\RenderTargetCubeArray\RenderTargetCubeArray.h">
      <Filter>File di intestazione</Filter>
    </ClInclude>
    <ClInclude Include="Renderer\RenderPipelineState\RenderPipelineState.h">
      <Filter>File di intestazione</Filter>
    </ClInclude>
    <ClInclude Include="Objects\TR4\Entity\tr4_setha.h">
      <Filter>File di intestazione</Filter>
    </ClInclude>
    <ClInclude Include="Objects\TR4\Entity\tr4_big_beetle.h">
      <Filter>File di intestazione</Filter>
    </ClInclude>
    <ClInclude Include="Objects\TR4\Trap\tr4_joby_spikes.h">
      <Filter>File di intestazione</Filter>
    </ClInclude>
    <ClInclude Include="Objects\TR4\Object\tr4_mapper.h">
      <Filter>File di intestazione</Filter>
    </ClInclude>
    <ClInclude Include="Objects\TR4\Trap\tr4_moving_blade.h">
      <Filter>File di intestazione</Filter>
    </ClInclude>
    <ClInclude Include="Objects\TR4\Object\tr4_element_puzzle.h">
      <Filter>File di intestazione</Filter>
    </ClInclude>
    <ClInclude Include="Objects\TR4\Trap\tr4_hammer.h">
      <Filter>File di intestazione</Filter>
    </ClInclude>
    <ClInclude Include="Objects\TR4\Entity\tr4_von_croy.h">
      <Filter>File di intestazione</Filter>
    </ClInclude>
    <ClInclude Include="Objects\TR3\Vehicles\biggun.h">
      <Filter>File di intestazione</Filter>
    </ClInclude>
    <ClInclude Include="Game\floordata.h">
      <Filter>File di intestazione</Filter>
    </ClInclude>
    <ClInclude Include="Game\particle\SimpleParticle.h">
      <Filter>File di intestazione</Filter>
    </ClInclude>
    <ClInclude Include="Game\floordata.h">
      <Filter>File di intestazione</Filter>
    </ClInclude>
    <ClInclude Include="Objects\TR3\Trap\train.h">
      <Filter>File di intestazione</Filter>
    </ClInclude>
    <ClInclude Include="Game\precompute\precompute.h">
      <Filter>File di intestazione</Filter>
    </ClInclude>
    <ClInclude Include="Objects\Generic\Object\generic_bridge.h">
      <Filter>File di intestazione</Filter>
    </ClInclude>
    <ClInclude Include="Objects\Generic\generic_objects.h">
      <Filter>File di intestazione</Filter>
    </ClInclude>
    <ClInclude Include="Objects\Generic\Object\generic_trapdoor.h">
      <Filter>File di intestazione</Filter>
    </ClInclude>
    <ClInclude Include="Game\memory\LinearArrayBuffer.h">
      <Filter>File di intestazione</Filter>
    </ClInclude>
    <ClInclude Include="Renderer\RendererSprites.h">
      <Filter>File di intestazione</Filter>
    </ClInclude>
    <ClInclude Include="Game\prng.h">
      <Filter>File di intestazione</Filter>
    </ClInclude>
    <ClInclude Include="Objects\TR1\Entity\tr1_giant_mutant.h">
      <Filter>File di intestazione</Filter>
    </ClInclude>
    <ClInclude Include="Objects\TR1\Entity\tr1_centaur.h">
      <Filter>File di intestazione</Filter>
    </ClInclude>
    <ClInclude Include="Objects\TR5\Trap\tr5_explosion.h">
      <Filter>File di intestazione</Filter>
    </ClInclude>
    <ClInclude Include="Objects\TR4\Entity\tr4_hammerhead.h">
      <Filter>File di intestazione</Filter>
    </ClInclude>
    <ClInclude Include="Game\newinv2.h">
      <Filter>File di intestazione</Filter>
    </ClInclude>
    <ClInclude Include="Renderer\RendererBucket.h">
      <Filter>File di intestazione</Filter>
    </ClInclude>
    <ClInclude Include="Renderer\RendererVertex.h">
      <Filter>File di intestazione</Filter>
    </ClInclude>
    <ClInclude Include="Renderer\RendererPolygon.h">
      <Filter>File di intestazione</Filter>
    </ClInclude>
    <ClInclude Include="Renderer\ConstantBuffers\AnimatedBuffer.h">
      <Filter>File di intestazione</Filter>
    </ClInclude>
    <ClInclude Include="Objects\TR4\Object\tr4_senet.h">
      <Filter>File di intestazione</Filter>
    </ClInclude>
    <ClInclude Include="Objects\TR4\Entity\tr4_dog.h">
      <Filter>File di intestazione</Filter>
    </ClInclude>
    <ClInclude Include="Objects\TR4\Object\tr4_clockwork_beetle.h">
      <Filter>File di intestazione</Filter>
    </ClInclude>
    <ClInclude Include="Objects\TR4\Object\tr4_obelisk.h">
      <Filter>File di intestazione</Filter>
    </ClInclude>
    <ClInclude Include="Objects\TR5\Object\tr5_expandingplatform.h">
      <Filter>File di intestazione</Filter>
    </ClInclude>
    <ClInclude Include="Scripting\LuaHandler.h">
      <Filter>File di intestazione</Filter>
    </ClInclude>
    <ClInclude Include="Scripting\AudioTracks.h">
      <Filter>File di intestazione</Filter>
    </ClInclude>
    <ClInclude Include="Scripting\GameScriptItemInfo.h">
      <Filter>File di intestazione</Filter>
    </ClInclude>
    <ClInclude Include="Scripting\GameScriptColor.h">
      <Filter>File di intestazione</Filter>
    </ClInclude>
    <ClInclude Include="Scripting\GameScriptPosition.h">
      <Filter>File di intestazione</Filter>
    </ClInclude>
    <ClInclude Include="Scripting\GameScriptRotation.h">
      <Filter>File di intestazione</Filter>
    </ClInclude>
    <ClInclude Include="Game\pickup\pickuputil.h">
      <Filter>File di intestazione</Filter>
    </ClInclude>
    <ClInclude Include="Game\pickup\pickup_ammo.h">
      <Filter>File di intestazione</Filter>
    </ClInclude>
    <ClInclude Include="Game\pickup\pickup_consumable.h">
      <Filter>File di intestazione</Filter>
    </ClInclude>
    <ClInclude Include="Game\pickup\pickup_key_items.h">
      <Filter>File di intestazione</Filter>
    </ClInclude>
    <ClInclude Include="Game\pickup\pickup_misc_items.h">
      <Filter>File di intestazione</Filter>
    </ClInclude>
    <ClInclude Include="Game\pickup\pickup_weapon.h">
      <Filter>File di intestazione</Filter>
    </ClInclude>
    <ClInclude Include="Scripting\GameScriptCameraInfo.h">
      <Filter>File di intestazione</Filter>
    </ClInclude>
    <ClInclude Include="Scripting\GameScriptMeshInfo.h">
      <Filter>File di intestazione</Filter>
    </ClInclude>
    <ClInclude Include="Scripting\GameScriptNamedBase.h">
      <Filter>File di intestazione</Filter>
    </ClInclude>
    <ClInclude Include="Scripting\GameScriptSinkInfo.h">
      <Filter>File di intestazione</Filter>
    </ClInclude>
    <ClInclude Include="Scripting\ObjectIDs.h">
      <Filter>File di intestazione</Filter>
    </ClInclude>
    <ClInclude Include="Scripting\GameScriptAIObject.h">
      <Filter>File di intestazione</Filter>
    </ClInclude>
    <ClInclude Include="Scripting\GameScriptSoundSourceInfo.h">
      <Filter>File di intestazione</Filter>
    </ClInclude>
    <ClInclude Include="Scripting\GameScriptLevel.h">
      <Filter>File di intestazione</Filter>
    </ClInclude>
    <ClInclude Include="Scripting\GameScriptSkyLayer.h">
      <Filter>File di intestazione</Filter>
    </ClInclude>
    <ClInclude Include="Scripting\GameScriptMirror.h">
      <Filter>File di intestazione</Filter>
    </ClInclude>
    <ClInclude Include="Scripting\GameScriptInventoryObject.h">
      <Filter>File di intestazione</Filter>
    </ClInclude>
    <ClInclude Include="Scripting\GameScriptSettings.h">
      <Filter>File di intestazione</Filter>
    </ClInclude>
    <ClInclude Include="Scripting\GameScriptAudioTrack.h">
      <Filter>File di intestazione</Filter>
    </ClInclude>
    <ClInclude Include="Scripting\ScriptAssert.h">
      <Filter>File di intestazione</Filter>
    </ClInclude>
    <ClInclude Include="Scripting\InventorySlots.h">
      <Filter>File di intestazione</Filter>
    </ClInclude>
    <ClInclude Include="Game\memory\Vector.h">
      <Filter>File di intestazione</Filter>
    </ClInclude>
    <ClInclude Include="Scripting\ItemEnumPair.h">
      <Filter>File di intestazione</Filter>
    </ClInclude>
    <ClInclude Include="Scripting\ScriptUtil.h">
      <Filter>File di intestazione</Filter>
    </ClInclude>
    <ClInclude Include="Objects\Generic\Switches\cog_switch.h">
      <Filter>File di intestazione</Filter>
    </ClInclude>
    <ClInclude Include="Objects\Generic\Switches\jump_switch.h">
      <Filter>File di intestazione</Filter>
    </ClInclude>
    <ClInclude Include="Objects\Generic\Switches\generic_switch.h">
      <Filter>File di intestazione</Filter>
    </ClInclude>
    <ClInclude Include="Objects\Generic\Switches\crowbar_switch.h">
      <Filter>File di intestazione</Filter>
    </ClInclude>
    <ClInclude Include="Objects\Generic\Switches\fullblock_switch.h">
      <Filter>File di intestazione</Filter>
    </ClInclude>
    <ClInclude Include="Objects\Generic\Switches\pulley_switch.h">
      <Filter>File di intestazione</Filter>
    </ClInclude>
    <ClInclude Include="Objects\Generic\Switches\turn_switch.h">
      <Filter>File di intestazione</Filter>
    </ClInclude>
    <ClInclude Include="Objects\Generic\Switches\underwater_switch.h">
      <Filter>File di intestazione</Filter>
    </ClInclude>
    <ClInclude Include="Objects\TR5\Switch\tr5_crowdove_switch.h">
      <Filter>File di intestazione</Filter>
    </ClInclude>
    <ClInclude Include="Game\control\volume.h">
      <Filter>File di intestazione</Filter>
    </ClInclude>
    <ClInclude Include="Game\control\trigger.h">
      <Filter>File di intestazione</Filter>
    </ClInclude>
    <ClInclude Include="Game\door_data.h">
      <Filter>File di intestazione</Filter>
    </ClInclude>
    <ClInclude Include="Game\item.h">
      <Filter>File di intestazione</Filter>
    </ClInclude>
    <ClInclude Include="Game\roomvector.h">
      <Filter>File di intestazione</Filter>
    </ClInclude>
    <ClInclude Include="Objects\TR2\Vehicles\boat_info.h">
      <Filter>File di intestazione</Filter>
    </ClInclude>
    <ClInclude Include="Game\creature_info.h">
      <Filter>File di intestazione</Filter>
    </ClInclude>
    <ClInclude Include="Game\itemdata\itemdata.h">
      <Filter>File di intestazione</Filter>
    </ClInclude>
    <ClInclude Include="Game\Lara\lara_info.h">
      <Filter>File di intestazione</Filter>
    </ClInclude>
    <ClInclude Include="Objects\TR2\Vehicles\skidoo_info.h">
      <Filter>File di intestazione</Filter>
    </ClInclude>
    <ClInclude Include="Objects\TR3\Vehicles\biggun_info.h">
      <Filter>File di intestazione</Filter>
    </ClInclude>
    <ClInclude Include="Objects\TR3\Vehicles\kayak_info.h">
      <Filter>File di intestazione</Filter>
    </ClInclude>
    <ClInclude Include="Objects\TR3\Vehicles\minecart_info.h">
      <Filter>File di intestazione</Filter>
    </ClInclude>
    <ClInclude Include="Objects\TR3\Vehicles\quad_info.h">
      <Filter>File di intestazione</Filter>
    </ClInclude>
    <ClInclude Include="Objects\TR3\Vehicles\rubberboat_info.h">
      <Filter>File di intestazione</Filter>
    </ClInclude>
    <ClInclude Include="Objects\TR3\Vehicles\upv_info.h">
      <Filter>File di intestazione</Filter>
    </ClInclude>
    <ClInclude Include="Objects\TR4\Entity\tr4_wraith_info.h">
      <Filter>File di intestazione</Filter>
    </ClInclude>
    <ClInclude Include="Objects\TR4\Vehicles\jeep_info.h">
      <Filter>File di intestazione</Filter>
    </ClInclude>
    <ClInclude Include="Objects\TR4\Vehicles\motorbike_info.h">
      <Filter>File di intestazione</Filter>
    </ClInclude>
    <ClInclude Include="Objects\TR5\Entity\tr5_laserhead_info.h">
      <Filter>File di intestazione</Filter>
    </ClInclude>
    <ClInclude Include="Objects\TR5\Object\tr5_pushableblock_info.h">
      <Filter>File di intestazione</Filter>
    </ClInclude>
  </ItemGroup>
  <ItemGroup>
    <ClCompile Include="Game\box.cpp">
      <Filter>File di origine</Filter>
    </ClCompile>
    <ClCompile Include="Game\camera.cpp">
      <Filter>File di origine</Filter>
    </ClCompile>
    <ClCompile Include="Game\collide.cpp">
      <Filter>File di origine</Filter>
    </ClCompile>
    <ClCompile Include="Game\control.cpp">
      <Filter>File di origine</Filter>
    </ClCompile>
    <ClCompile Include="Game\debris.cpp">
      <Filter>File di origine</Filter>
    </ClCompile>
    <ClCompile Include="Game\door.cpp">
      <Filter>File di origine</Filter>
    </ClCompile>
    <ClCompile Include="Game\draw.cpp">
      <Filter>File di origine</Filter>
    </ClCompile>
    <ClCompile Include="Game\effect2.cpp">
      <Filter>File di origine</Filter>
    </ClCompile>
    <ClCompile Include="Game\flmtorch.cpp">
      <Filter>File di origine</Filter>
    </ClCompile>
    <ClCompile Include="Game\gameflow.cpp">
      <Filter>File di origine</Filter>
    </ClCompile>
    <ClCompile Include="Game\hair.cpp">
      <Filter>File di origine</Filter>
    </ClCompile>
    <ClCompile Include="Game\items.cpp">
      <Filter>File di origine</Filter>
    </ClCompile>
    <ClCompile Include="Game\lot.cpp">
      <Filter>File di origine</Filter>
    </ClCompile>
    <ClCompile Include="Game\missile.cpp">
      <Filter>File di origine</Filter>
    </ClCompile>
    <ClCompile Include="Game\objects.cpp">
      <Filter>File di origine</Filter>
    </ClCompile>
    <ClCompile Include="Game\people.cpp">
      <Filter>File di origine</Filter>
    </ClCompile>
    <ClCompile Include="Game\pickup.cpp">
      <Filter>File di origine</Filter>
    </ClCompile>
    <ClCompile Include="Game\rope.cpp">
      <Filter>File di origine</Filter>
    </ClCompile>
    <ClCompile Include="Game\savegame.cpp">
      <Filter>File di origine</Filter>
    </ClCompile>
    <ClCompile Include="Game\sound.cpp">
      <Filter>File di origine</Filter>
    </ClCompile>
    <ClCompile Include="Game\sphere.cpp">
      <Filter>File di origine</Filter>
    </ClCompile>
    <ClCompile Include="Game\spotcam.cpp">
      <Filter>File di origine</Filter>
    </ClCompile>
    <ClCompile Include="Game\switch.cpp">
      <Filter>File di origine</Filter>
    </ClCompile>
    <ClCompile Include="Game\text.cpp">
      <Filter>File di origine</Filter>
    </ClCompile>
    <ClCompile Include="Game\tomb4fx.cpp">
      <Filter>File di origine</Filter>
    </ClCompile>
    <ClCompile Include="Game\traps.cpp">
      <Filter>File di origine</Filter>
    </ClCompile>
    <ClCompile Include="Specific\setup.cpp">
      <Filter>File di origine</Filter>
    </ClCompile>
    <ClCompile Include="Specific\input.cpp">
      <Filter>File di origine</Filter>
    </ClCompile>
    <ClCompile Include="Specific\winmain.cpp">
      <Filter>File di origine</Filter>
    </ClCompile>
    <ClCompile Include="Game\inventory.cpp">
      <Filter>File di origine</Filter>
    </ClCompile>
    <ClCompile Include="Scripting\GameFlowScript.cpp">
      <Filter>File di origine</Filter>
    </ClCompile>
    <ClCompile Include="Scripting\GameLogicScript.cpp">
      <Filter>File di origine</Filter>
    </ClCompile>
    <ClCompile Include="Renderer\Renderer11.cpp">
      <Filter>File di origine</Filter>
    </ClCompile>
    <ClCompile Include="Specific\configuration.cpp">
      <Filter>File di origine</Filter>
    </ClCompile>
    <ClCompile Include="Game\misc.cpp">
      <Filter>File di origine</Filter>
    </ClCompile>
    <ClCompile Include="Objects\Effects\tr4_bubbles.cpp">
      <Filter>File di origine</Filter>
    </ClCompile>
    <ClCompile Include="Game\footprint.cpp">
      <Filter>File di origine</Filter>
    </ClCompile>
    <ClCompile Include="Renderer\Renderer11Init.cpp">
      <Filter>File di origine</Filter>
    </ClCompile>
    <ClCompile Include="Renderer\Renderer11Draw.cpp">
      <Filter>File di origine</Filter>
    </ClCompile>
    <ClCompile Include="Renderer\Render11Helper.cpp">
      <Filter>File di origine</Filter>
    </ClCompile>
    <ClCompile Include="Renderer\Renderer11DrawEffect.cpp">
      <Filter>File di origine</Filter>
    </ClCompile>
    <ClCompile Include="Renderer\Renderer11Lara.cpp">
      <Filter>File di origine</Filter>
    </ClCompile>
    <ClCompile Include="Renderer\Renderer11Compatibility.cpp">
      <Filter>File di origine</Filter>
    </ClCompile>
    <ClCompile Include="Renderer\Renderer11String.cpp">
      <Filter>File di origine</Filter>
    </ClCompile>
    <ClCompile Include="Renderer\Renderer11Draw2D.cpp">
      <Filter>File di origine</Filter>
    </ClCompile>
    <ClCompile Include="Renderer\Renderer11PostProcess.cpp">
      <Filter>File di origine</Filter>
    </ClCompile>
    <ClCompile Include="Renderer\Renderer11Debug.cpp">
      <Filter>File di origine</Filter>
    </ClCompile>
    <ClCompile Include="Renderer\Renderer11Settings.cpp">
      <Filter>File di origine</Filter>
    </ClCompile>
    <ClCompile Include="Renderer\Renderer11Frame.cpp">
      <Filter>File di origine</Filter>
    </ClCompile>
    <ClCompile Include="Renderer\Frustum.cpp">
      <Filter>File di origine</Filter>
    </ClCompile>
    <ClCompile Include="Game\bubble.cpp">
      <Filter>File di origine</Filter>
    </ClCompile>
    <ClCompile Include="Specific\level.cpp">
      <Filter>File di origine</Filter>
    </ClCompile>
    <ClCompile Include="Objects\TR4\Entity\tr4_ahmet.cpp">
      <Filter>File di origine</Filter>
    </ClCompile>
    <ClCompile Include="Objects\TR4\Entity\tr4_baddy.cpp">
      <Filter>File di origine</Filter>
    </ClCompile>
    <ClCompile Include="Objects\TR4\Entity\tr4_bat.cpp">
      <Filter>File di origine</Filter>
    </ClCompile>
    <ClCompile Include="Objects\TR4\Entity\tr4_bigscorpion.cpp">
      <Filter>File di origine</Filter>
    </ClCompile>
    <ClCompile Include="Objects\TR4\Entity\tr4_crocodile.cpp">
      <Filter>File di origine</Filter>
    </ClCompile>
    <ClCompile Include="Objects\TR4\Entity\tr4_demigod.cpp">
      <Filter>File di origine</Filter>
    </ClCompile>
    <ClCompile Include="Objects\TR4\Entity\tr4_guide.cpp">
      <Filter>File di origine</Filter>
    </ClCompile>
    <ClCompile Include="Objects\TR4\Entity\tr4_harpy.cpp">
      <Filter>File di origine</Filter>
    </ClCompile>
    <ClCompile Include="Objects\TR4\Entity\tr4_horseman.cpp">
      <Filter>File di origine</Filter>
    </ClCompile>
    <ClCompile Include="Objects\TR4\Entity\tr4_jeanyves.cpp">
      <Filter>File di origine</Filter>
    </ClCompile>
    <ClCompile Include="Objects\TR4\Entity\tr4_knighttemplar.cpp">
      <Filter>File di origine</Filter>
    </ClCompile>
    <ClCompile Include="Objects\TR4\Entity\tr4_littlebeetle.cpp">
      <Filter>File di origine</Filter>
    </ClCompile>
    <ClCompile Include="Objects\TR4\Entity\tr4_mummy.cpp">
      <Filter>File di origine</Filter>
    </ClCompile>
    <ClCompile Include="Objects\TR4\Entity\tr4_sas.cpp">
      <Filter>File di origine</Filter>
    </ClCompile>
    <ClCompile Include="Objects\TR4\Entity\tr4_skeleton.cpp">
      <Filter>File di origine</Filter>
    </ClCompile>
    <ClCompile Include="Objects\TR4\Entity\tr4_smallscorpion.cpp">
      <Filter>File di origine</Filter>
    </ClCompile>
    <ClCompile Include="Objects\TR4\Entity\tr4_sphinx.cpp">
      <Filter>File di origine</Filter>
    </ClCompile>
    <ClCompile Include="Objects\TR4\Entity\tr4_troops.cpp">
      <Filter>File di origine</Filter>
    </ClCompile>
    <ClCompile Include="Objects\TR4\Entity\tr4_wildboar.cpp">
      <Filter>File di origine</Filter>
    </ClCompile>
    <ClCompile Include="Objects\TR4\Entity\tr4_wraith.cpp">
      <Filter>File di origine</Filter>
    </ClCompile>
    <ClCompile Include="Objects\TR4\Entity\tr4_sentrygun.cpp">
      <Filter>File di origine</Filter>
    </ClCompile>
    <ClCompile Include="framework.cpp">
      <Filter>File di origine</Filter>
    </ClCompile>
    <ClCompile Include="Game\health.cpp">
      <Filter>File di origine</Filter>
    </ClCompile>
    <ClCompile Include="Game\flipeffect.cpp">
      <Filter>File di origine</Filter>
    </ClCompile>
    <ClCompile Include="Objects\TR5\Entity\tr5_autoguns.cpp">
      <Filter>File di origine</Filter>
    </ClCompile>
    <ClCompile Include="Objects\TR5\Entity\tr5_brownbeast.cpp">
      <Filter>File di origine</Filter>
    </ClCompile>
    <ClCompile Include="Objects\TR5\Entity\tr5_chef.cpp">
      <Filter>File di origine</Filter>
    </ClCompile>
    <ClCompile Include="Objects\TR5\Entity\tr5_doberman.cpp">
      <Filter>File di origine</Filter>
    </ClCompile>
    <ClCompile Include="Objects\TR5\Entity\tr5_dog.cpp">
      <Filter>File di origine</Filter>
    </ClCompile>
    <ClCompile Include="Objects\TR5\Entity\tr5_ghost.cpp">
      <Filter>File di origine</Filter>
    </ClCompile>
    <ClCompile Include="Objects\TR5\Entity\tr5_gladiator.cpp">
      <Filter>File di origine</Filter>
    </ClCompile>
    <ClCompile Include="Objects\TR5\Entity\tr5_guard.cpp">
      <Filter>File di origine</Filter>
    </ClCompile>
    <ClCompile Include="Objects\TR5\Entity\tr5_hydra.cpp">
      <Filter>File di origine</Filter>
    </ClCompile>
    <ClCompile Include="Objects\TR5\Entity\tr5_imp.cpp">
      <Filter>File di origine</Filter>
    </ClCompile>
    <ClCompile Include="Objects\TR5\Entity\tr5_lagoon_witch.cpp">
      <Filter>File di origine</Filter>
    </ClCompile>
    <ClCompile Include="Objects\TR5\Entity\tr5_larson.cpp">
      <Filter>File di origine</Filter>
    </ClCompile>
    <ClCompile Include="Objects\TR5\Entity\tr5_laser_head.cpp">
      <Filter>File di origine</Filter>
    </ClCompile>
    <ClCompile Include="Objects\TR5\Entity\tr5_lion.cpp">
      <Filter>File di origine</Filter>
    </ClCompile>
    <ClCompile Include="Objects\TR5\Entity\tr5_reaper.cpp">
      <Filter>File di origine</Filter>
    </ClCompile>
    <ClCompile Include="Objects\TR5\Entity\tr5_submarine.cpp">
      <Filter>File di origine</Filter>
    </ClCompile>
    <ClCompile Include="Objects\TR5\Entity\tr5_willowwisp.cpp">
      <Filter>File di origine</Filter>
    </ClCompile>
    <ClCompile Include="Objects\TR5\tr5_objects.cpp">
      <Filter>File di origine</Filter>
    </ClCompile>
    <ClCompile Include="Objects\TR1\Entity\tr1_ape.cpp">
      <Filter>File di origine</Filter>
    </ClCompile>
    <ClCompile Include="Objects\TR1\Entity\tr1_bear.cpp">
      <Filter>File di origine</Filter>
    </ClCompile>
    <ClCompile Include="Objects\TR1\Entity\tr1_natla.cpp">
      <Filter>File di origine</Filter>
    </ClCompile>
    <ClCompile Include="Objects\TR1\Entity\tr1_wolf.cpp">
      <Filter>File di origine</Filter>
    </ClCompile>
    <ClCompile Include="Objects\TR1\tr1_objects.cpp">
      <Filter>File di origine</Filter>
    </ClCompile>
    <ClCompile Include="Objects\TR2\Entity\tr2_barracuda.cpp">
      <Filter>File di origine</Filter>
    </ClCompile>
    <ClCompile Include="Objects\TR2\Entity\tr2_birdmonster.cpp">
      <Filter>File di origine</Filter>
    </ClCompile>
    <ClCompile Include="Objects\TR2\Entity\tr2_dragon.cpp">
      <Filter>File di origine</Filter>
    </ClCompile>
    <ClCompile Include="Objects\TR2\Entity\tr2_knifethrower.cpp">
      <Filter>File di origine</Filter>
    </ClCompile>
    <ClCompile Include="Objects\TR2\Entity\tr2_mercenary.cpp">
      <Filter>File di origine</Filter>
    </ClCompile>
    <ClCompile Include="Objects\TR2\Entity\tr2_monk.cpp">
      <Filter>File di origine</Filter>
    </ClCompile>
    <ClCompile Include="Objects\TR2\Entity\tr2_rat.cpp">
      <Filter>File di origine</Filter>
    </ClCompile>
    <ClCompile Include="Objects\TR2\Entity\tr2_shark.cpp">
      <Filter>File di origine</Filter>
    </ClCompile>
    <ClCompile Include="Objects\TR2\Entity\tr2_silencer.cpp">
      <Filter>File di origine</Filter>
    </ClCompile>
    <ClCompile Include="Objects\TR2\Entity\tr2_skidman.cpp">
      <Filter>File di origine</Filter>
    </ClCompile>
    <ClCompile Include="Objects\TR2\Entity\tr2_spear_guardian.cpp">
      <Filter>File di origine</Filter>
    </ClCompile>
    <ClCompile Include="Objects\TR2\Entity\tr2_spider.cpp">
      <Filter>File di origine</Filter>
    </ClCompile>
    <ClCompile Include="Objects\TR2\Entity\tr2_sword_guardian.cpp">
      <Filter>File di origine</Filter>
    </ClCompile>
    <ClCompile Include="Objects\TR2\Entity\tr2_worker_dualrevolver.cpp">
      <Filter>File di origine</Filter>
    </ClCompile>
    <ClCompile Include="Objects\TR2\Entity\tr2_worker_flamethrower.cpp">
      <Filter>File di origine</Filter>
    </ClCompile>
    <ClCompile Include="Objects\TR2\Entity\tr2_worker_machinegun.cpp">
      <Filter>File di origine</Filter>
    </ClCompile>
    <ClCompile Include="Objects\TR2\Entity\tr2_worker_shotgun.cpp">
      <Filter>File di origine</Filter>
    </ClCompile>
    <ClCompile Include="Objects\TR2\Entity\tr2_yeti.cpp">
      <Filter>File di origine</Filter>
    </ClCompile>
    <ClCompile Include="Objects\TR2\tr2_objects.cpp">
      <Filter>File di origine</Filter>
    </ClCompile>
    <ClCompile Include="Objects\TR3\Entity\tr3_civvy.cpp">
      <Filter>File di origine</Filter>
    </ClCompile>
    <ClCompile Include="Objects\TR3\Entity\tr3_cobra.cpp">
      <Filter>File di origine</Filter>
    </ClCompile>
    <ClCompile Include="Objects\TR3\Entity\tr3_fishemitter.cpp">
      <Filter>File di origine</Filter>
    </ClCompile>
    <ClCompile Include="Objects\TR3\Entity\tr3_flamethrower.cpp">
      <Filter>File di origine</Filter>
    </ClCompile>
    <ClCompile Include="Objects\TR3\Entity\tr3_monkey.cpp">
      <Filter>File di origine</Filter>
    </ClCompile>
    <ClCompile Include="Objects\TR3\Entity\tr3_mpgun.cpp">
      <Filter>File di origine</Filter>
    </ClCompile>
    <ClCompile Include="Objects\TR3\Entity\tr3_mpstick.cpp">
      <Filter>File di origine</Filter>
    </ClCompile>
    <ClCompile Include="Objects\TR3\Entity\tr3_raptor.cpp">
      <Filter>File di origine</Filter>
    </ClCompile>
    <ClCompile Include="Objects\TR3\Entity\tr3_scuba.cpp">
      <Filter>File di origine</Filter>
    </ClCompile>
    <ClCompile Include="Objects\TR3\Entity\tr3_shiva.cpp">
      <Filter>File di origine</Filter>
    </ClCompile>
    <ClCompile Include="Objects\TR3\Entity\tr3_sophia.cpp">
      <Filter>File di origine</Filter>
    </ClCompile>
    <ClCompile Include="Objects\TR3\Entity\tr3_tiger.cpp">
      <Filter>File di origine</Filter>
    </ClCompile>
    <ClCompile Include="Objects\TR3\Entity\tr3_tony.cpp">
      <Filter>File di origine</Filter>
    </ClCompile>
    <ClCompile Include="Objects\TR3\Entity\tr3_trex.cpp">
      <Filter>File di origine</Filter>
    </ClCompile>
    <ClCompile Include="Objects\TR3\Entity\tr3_tribesman.cpp">
      <Filter>File di origine</Filter>
    </ClCompile>
    <ClCompile Include="Objects\TR3\tr3_objects.cpp">
      <Filter>File di origine</Filter>
    </ClCompile>
    <ClCompile Include="Objects\TR4\Trap\tr4_fourblades.cpp">
      <Filter>File di origine</Filter>
    </ClCompile>
    <ClCompile Include="Objects\TR4\Trap\tr4_birdblade.cpp">
      <Filter>File di origine</Filter>
    </ClCompile>
    <ClCompile Include="Objects\TR4\Trap\tr4_catwalkblade.cpp">
      <Filter>File di origine</Filter>
    </ClCompile>
    <ClCompile Include="Objects\TR4\Trap\tr4_plinthblade.cpp">
      <Filter>File di origine</Filter>
    </ClCompile>
    <ClCompile Include="Objects\TR4\Trap\tr4_sethblade.cpp">
      <Filter>File di origine</Filter>
    </ClCompile>
    <ClCompile Include="Objects\TR4\Trap\tr4_chain.cpp">
      <Filter>File di origine</Filter>
    </ClCompile>
    <ClCompile Include="Objects\TR4\Trap\tr4_plough.cpp">
      <Filter>File di origine</Filter>
    </ClCompile>
    <ClCompile Include="Objects\TR4\Trap\tr4_stargate.cpp">
      <Filter>File di origine</Filter>
    </ClCompile>
    <ClCompile Include="Objects\TR4\Trap\tr4_spikeball.cpp">
      <Filter>File di origine</Filter>
    </ClCompile>
    <ClCompile Include="Objects\TR4\Trap\tr4_mine.cpp">
      <Filter>File di origine</Filter>
    </ClCompile>
    <ClCompile Include="Objects\TR4\Floor\tr4_burningfloor.cpp">
      <Filter>File di origine</Filter>
    </ClCompile>
    <ClCompile Include="Objects\TR4\Trap\tr4_slicerdicer.cpp">
      <Filter>File di origine</Filter>
    </ClCompile>
    <ClCompile Include="Objects\TR4\Trap\tr4_spikywall.cpp">
      <Filter>File di origine</Filter>
    </ClCompile>
    <ClCompile Include="Objects\TR4\Trap\tr4_spikyceiling.cpp">
      <Filter>File di origine</Filter>
    </ClCompile>
    <ClCompile Include="Objects\TR2\Trap\tr2_springboard.cpp">
      <Filter>File di origine</Filter>
    </ClCompile>
    <ClCompile Include="Objects\TR2\Trap\tr2_killerstatue.cpp">
      <Filter>File di origine</Filter>
    </ClCompile>
    <ClCompile Include="Objects\TR4\Trap\tr4_blade.cpp">
      <Filter>File di origine</Filter>
    </ClCompile>
    <ClCompile Include="Objects\TR2\Trap\tr2_spinningblade.cpp">
      <Filter>File di origine</Filter>
    </ClCompile>
    <ClCompile Include="Objects\TR3\Vehicles\kayak.cpp">
      <Filter>File di origine</Filter>
    </ClCompile>
    <ClCompile Include="Objects\TR3\Vehicles\minecart.cpp">
      <Filter>File di origine</Filter>
    </ClCompile>
    <ClCompile Include="Objects\TR3\Vehicles\quad.cpp">
      <Filter>File di origine</Filter>
    </ClCompile>
    <ClCompile Include="Objects\TR3\Vehicles\upv.cpp">
      <Filter>File di origine</Filter>
    </ClCompile>
    <ClCompile Include="Objects\TR2\Vehicles\boat.cpp">
      <Filter>File di origine</Filter>
    </ClCompile>
    <ClCompile Include="Objects\TR2\Vehicles\snowmobile.cpp">
      <Filter>File di origine</Filter>
    </ClCompile>
    <ClCompile Include="Objects\TR3\Vehicles\rubberboat.cpp">
      <Filter>File di origine</Filter>
    </ClCompile>
    <ClCompile Include="Objects\TR2\Entity\tr2_eagle_or_crow.cpp">
      <Filter>File di origine</Filter>
    </ClCompile>
    <ClCompile Include="Objects\TR1\Entity\tr1_doppelganger.cpp">
      <Filter>File di origine</Filter>
    </ClCompile>
    <ClCompile Include="Objects\TR5\Entity\tr5_cyborg.cpp">
      <Filter>File di origine</Filter>
    </ClCompile>
    <ClCompile Include="Objects\TR5\Entity\tr5_roman_statue.cpp">
      <Filter>File di origine</Filter>
    </ClCompile>
    <ClCompile Include="Objects\TR5\Entity\tr5_gunship.cpp">
      <Filter>File di origine</Filter>
    </ClCompile>
    <ClCompile Include="Objects\TR5\Emitter\tr5_bats_emitter.cpp">
      <Filter>File di origine</Filter>
    </ClCompile>
    <ClCompile Include="Objects\TR5\Emitter\tr5_rats_emitter.cpp">
      <Filter>File di origine</Filter>
    </ClCompile>
    <ClCompile Include="Objects\TR5\Emitter\tr5_spider_emitter.cpp">
      <Filter>File di origine</Filter>
    </ClCompile>
    <ClCompile Include="Objects\TR5\Shatter\tr5_smashobject.cpp">
      <Filter>File di origine</Filter>
    </ClCompile>
    <ClCompile Include="Objects\TR5\Object\tr5_pushableblock.cpp">
      <Filter>File di origine</Filter>
    </ClCompile>
    <ClCompile Include="Objects\TR5\Object\tr5_twoblockplatform.cpp">
      <Filter>File di origine</Filter>
    </ClCompile>
    <ClCompile Include="Objects\TR5\Object\tr5_missile.cpp">
      <Filter>File di origine</Filter>
    </ClCompile>
    <ClCompile Include="Objects\TR5\Trap\tr5_teethspike.cpp">
      <Filter>File di origine</Filter>
    </ClCompile>
    <ClCompile Include="Objects\TR5\Trap\tr5_ventilator.cpp">
      <Filter>File di origine</Filter>
    </ClCompile>
    <ClCompile Include="Objects\TR5\Emitter\tr5_dart_emitter.cpp">
      <Filter>File di origine</Filter>
    </ClCompile>
    <ClCompile Include="Objects\TR4\Vehicles\jeep.cpp">
      <Filter>File di origine</Filter>
    </ClCompile>
    <ClCompile Include="Objects\TR4\Vehicles\motorbike.cpp">
      <Filter>File di origine</Filter>
    </ClCompile>
    <ClCompile Include="Objects\Utils\object_helper.cpp">
      <Filter>File di origine</Filter>
    </ClCompile>
    <ClCompile Include="Objects\TR4\Object\tr4_sarcophagus.cpp">
      <Filter>File di origine</Filter>
    </ClCompile>
    <ClCompile Include="Objects\TR4\Object\tr4_scales.cpp">
      <Filter>File di origine</Filter>
    </ClCompile>
    <ClCompile Include="Objects\TR4\Trap\tr4_cog.cpp">
      <Filter>File di origine</Filter>
    </ClCompile>
    <ClCompile Include="Objects\TR4\Object\tr4_laradouble.cpp">
      <Filter>File di origine</Filter>
    </ClCompile>
    <ClCompile Include="Objects\TR4\tr4_objects.cpp">
      <Filter>File di origine</Filter>
    </ClCompile>
    <ClCompile Include="Objects\TR5\Switch\tr5_raisingcog.cpp">
      <Filter>File di origine</Filter>
    </ClCompile>
    <ClCompile Include="Game\trmath.cpp">
      <Filter>File di origine</Filter>
    </ClCompile>
    <ClCompile Include="Objects\TR5\Light\tr5_light.cpp">
      <Filter>File di origine</Filter>
    </ClCompile>
    <ClCompile Include="Objects\TR5\Object\tr5_raisingblock.cpp">
      <Filter>File di origine</Filter>
    </ClCompile>
    <ClCompile Include="Objects\TR5\Object\tr5_bodypart.cpp">
      <Filter>File di origine</Filter>
    </ClCompile>
    <ClCompile Include="Objects\TR5\Emitter\tr5_smoke_emitter.cpp">
      <Filter>File di origine</Filter>
    </ClCompile>
    <ClCompile Include="Objects\TR5\Object\tr5_teleporter.cpp">
      <Filter>File di origine</Filter>
    </ClCompile>
    <ClCompile Include="Objects\TR5\Object\tr5_highobject.cpp">
      <Filter>File di origine</Filter>
    </ClCompile>
    <ClCompile Include="Objects\TR5\Object\tr5_genslot.cpp">
      <Filter>File di origine</Filter>
    </ClCompile>
    <ClCompile Include="Objects\TR5\Trap\tr5_deathslide.cpp">
      <Filter>File di origine</Filter>
    </ClCompile>
    <ClCompile Include="Objects\Effects\tr5_electricity.cpp">
      <Filter>File di origine</Filter>
    </ClCompile>
    <ClCompile Include="Objects\TR5\Trap\tr5_romehammer.cpp">
      <Filter>File di origine</Filter>
    </ClCompile>
    <ClCompile Include="Objects\TR5\Trap\tr5_fallingceiling.cpp">
      <Filter>File di origine</Filter>
    </ClCompile>
    <ClCompile Include="Objects\TR5\Object\tr5_rollingball.cpp">
      <Filter>File di origine</Filter>
    </ClCompile>
    <ClCompile Include="Objects\TR4\Entity\tr4_baboon.cpp">
      <Filter>File di origine</Filter>
    </ClCompile>
    <ClCompile Include="Objects\TR1\Entity\tr1_bigrat.cpp">
      <Filter>File di origine</Filter>
    </ClCompile>
    <ClCompile Include="Objects\Effects\tr4_locusts.cpp">
      <Filter>File di origine</Filter>
    </ClCompile>
    <ClCompile Include="Objects\TR4\Entity\tr4_mutant.cpp">
      <Filter>File di origine</Filter>
    </ClCompile>
    <ClCompile Include="Game\chaffFX.cpp">
      <Filter>File di origine</Filter>
    </ClCompile>
    <ClCompile Include="Game\smoke.cpp">
      <Filter>File di origine</Filter>
    </ClCompile>
    <ClCompile Include="Game\spark.cpp">
      <Filter>File di origine</Filter>
    </ClCompile>
    <ClCompile Include="Game\drip.cpp">
      <Filter>File di origine</Filter>
    </ClCompile>
    <ClCompile Include="Game\explosion.cpp">
      <Filter>File di origine</Filter>
    </ClCompile>
    <ClCompile Include="Renderer\Utils.cpp">
      <Filter>File di origine</Filter>
    </ClCompile>
    <ClCompile Include="Specific\IO\Streams.cpp">
      <Filter>File di origine</Filter>
    </ClCompile>
    <ClCompile Include="Specific\IO\ChunkId.cpp">
      <Filter>File di origine</Filter>
    </ClCompile>
    <ClCompile Include="Specific\IO\ChunkReader.cpp">
      <Filter>File di origine</Filter>
    </ClCompile>
    <ClCompile Include="Renderer\Texture2D\Texture2D.cpp">
      <Filter>File di origine</Filter>
    </ClCompile>
    <ClCompile Include="Renderer\RenderTarget2D\RenderTarget2D.cpp">
      <Filter>File di origine</Filter>
    </ClCompile>
    <ClCompile Include="Renderer\VertexBuffer\VertexBuffer.cpp">
      <Filter>File di origine</Filter>
    </ClCompile>
    <ClCompile Include="Renderer\IndexBuffer\IndexBuffer.cpp">
      <Filter>File di origine</Filter>
    </ClCompile>
    <ClCompile Include="Renderer\Quad\RenderQuad.cpp">
      <Filter>File di origine</Filter>
    </ClCompile>
    <ClCompile Include="Renderer\RenderTargetCube\RenderTargetCube.cpp">
      <Filter>File di origine</Filter>
    </ClCompile>
    <ClCompile Include="Renderer\RenderView\RenderView.cpp">
      <Filter>File di origine</Filter>
    </ClCompile>
    <ClCompile Include="Game\Lara\lara.cpp">
      <Filter>File di origine</Filter>
    </ClCompile>
    <ClCompile Include="Game\Lara\lara_tests.cpp">
      <Filter>File di origine</Filter>
    </ClCompile>
    <ClCompile Include="Game\Lara\lara_collide.cpp">
      <Filter>File di origine</Filter>
    </ClCompile>
    <ClCompile Include="Game\puzzles_keys.cpp">
      <Filter>File di origine</Filter>
    </ClCompile>
    <ClCompile Include="Game\Lara\lara_monkey.cpp">
      <Filter>File di origine</Filter>
    </ClCompile>
    <ClCompile Include="Game\Lara\lara_one_gun.cpp">
      <Filter>File di origine</Filter>
    </ClCompile>
    <ClCompile Include="Game\Lara\lara_climb.cpp">
      <Filter>File di origine</Filter>
    </ClCompile>
    <ClCompile Include="Game\Lara\lara_fire.cpp">
      <Filter>File di origine</Filter>
    </ClCompile>
    <ClCompile Include="Game\Lara\lara_flare.cpp">
      <Filter>File di origine</Filter>
    </ClCompile>
    <ClCompile Include="Game\Lara\lara_surface.cpp">
      <Filter>File di origine</Filter>
    </ClCompile>
    <ClCompile Include="Game\Lara\lara_swim.cpp">
      <Filter>File di origine</Filter>
    </ClCompile>
    <ClCompile Include="Game\Lara\lara_two_guns.cpp">
      <Filter>File di origine</Filter>
    </ClCompile>
    <ClCompile Include="Game\Lara\lara_crawl.cpp">
      <Filter>File di origine</Filter>
    </ClCompile>
    <ClCompile Include="Game\Lara\lara_hang.cpp">
      <Filter>File di origine</Filter>
    </ClCompile>
    <ClCompile Include="Game\Lara\lara_objects.cpp">
      <Filter>File di origine</Filter>
    </ClCompile>
    <ClCompile Include="Game\Lara\lara_slide.cpp">
      <Filter>File di origine</Filter>
    </ClCompile>
    <ClCompile Include="Game\Lara\lara_basic.cpp">
      <Filter>File di origine</Filter>
    </ClCompile>
    <ClCompile Include="Game\Lara\lara_initialise.cpp">
      <Filter>File di origine</Filter>
    </ClCompile>
    <ClCompile Include="Game\Lara\lara_cheat.cpp">
      <Filter>File di origine</Filter>
    </ClCompile>
    <ClCompile Include="Objects\TR4\Entity\tr4_enemy_jeep.cpp">
      <Filter>File di origine</Filter>
    </ClCompile>
    <ClCompile Include="Renderer\RenderTargetCubeArray\RenderTargetCubeArray.cpp">
      <Filter>File di origine</Filter>
    </ClCompile>
    <ClCompile Include="Renderer\RenderPipelineState\RenderPipelineState.cpp">
      <Filter>File di origine</Filter>
    </ClCompile>
    <ClCompile Include="Objects\TR4\Entity\tr4_setha.cpp">
      <Filter>File di origine</Filter>
    </ClCompile>
    <ClCompile Include="Objects\TR4\Entity\tr4_big_beetle.cpp">
      <Filter>File di origine</Filter>
    </ClCompile>
    <ClCompile Include="Objects\TR4\Trap\tr4_joby_spikes.cpp">
      <Filter>File di origine</Filter>
    </ClCompile>
    <ClCompile Include="Objects\TR4\Object\tr4_mapper.cpp">
      <Filter>File di origine</Filter>
    </ClCompile>
    <ClCompile Include="Objects\TR4\Trap\tr4_moving_blade.cpp">
      <Filter>File di origine</Filter>
    </ClCompile>
    <ClCompile Include="Objects\TR4\Object\tr4_element_puzzle.cpp">
      <Filter>File di origine</Filter>
    </ClCompile>
    <ClCompile Include="Objects\TR4\Trap\tr4_hammer.cpp">
      <Filter>File di origine</Filter>
    </ClCompile>
    <ClCompile Include="Objects\TR4\Entity\tr4_von_croy.cpp">
      <Filter>File di origine</Filter>
    </ClCompile>
    <ClCompile Include="Objects\TR3\Vehicles\biggun.cpp">
      <Filter>File di origine</Filter>
    </ClCompile>
    <ClCompile Include="Game\floordata.cpp">
      <Filter>File di origine</Filter>
    </ClCompile>
    <ClCompile Include="Game\particle\SimpleParticle.cpp">
      <Filter>File di origine</Filter>
    </ClCompile>
    <ClCompile Include="Game\floordata.cpp">
      <Filter>File di origine</Filter>
    </ClCompile>
    <ClCompile Include="Objects\TR3\Trap\train.cpp">
      <Filter>File di origine</Filter>
    </ClCompile>
    <ClCompile Include="Objects\Generic\Object\generic_bridge.cpp">
      <Filter>File di origine</Filter>
    </ClCompile>
    <ClCompile Include="Objects\Generic\generic_objects.cpp">
      <Filter>File di origine</Filter>
    </ClCompile>
    <ClCompile Include="Objects\Generic\Object\generic_trapdoor.cpp">
      <Filter>File di origine</Filter>
    </ClCompile>
    <ClCompile Include="Renderer\RendererSprites.cpp">
      <Filter>File di origine</Filter>
    </ClCompile>
    <ClCompile Include="Game\prng.cpp">
      <Filter>File di origine</Filter>
    </ClCompile>
    <ClCompile Include="Objects\TR1\Entity\tr1_giant_mutant.cpp">
      <Filter>File di origine</Filter>
    </ClCompile>
    <ClCompile Include="Objects\TR1\Entity\tr1_centaur.cpp">
      <Filter>File di origine</Filter>
    </ClCompile>
    <ClCompile Include="Objects\TR5\Trap\tr5_explosion.cpp">
      <Filter>File di origine</Filter>
    </ClCompile>
    <ClCompile Include="Game\lightning.cpp">
      <Filter>File di origine</Filter>
    </ClCompile>
    <ClCompile Include="Objects\TR4\Entity\tr4_hammerhead.cpp">
      <Filter>File di origine</Filter>
    </ClCompile>
    <ClCompile Include="Game\newinv2.cpp">
      <Filter>File di origine</Filter>
    </ClCompile>
    <ClCompile Include="Objects\TR4\Object\tr4_senet.cpp">
      <Filter>File di origine</Filter>
    </ClCompile>
    <ClCompile Include="Objects\TR4\Entity\tr4_dog.cpp">
      <Filter>File di origine</Filter>
    </ClCompile>
    <ClCompile Include="Objects\TR4\Object\tr4_clockwork_beetle.cpp">
      <Filter>File di origine</Filter>
    </ClCompile>
    <ClCompile Include="Objects\TR4\Object\tr4_obelisk.cpp">
      <Filter>File di origine</Filter>
    </ClCompile>
    <ClCompile Include="Objects\TR5\Object\tr5_expandingplatform.cpp">
      <Filter>File di origine</Filter>
    </ClCompile>
    <ClCompile Include="Scripting\LuaHandler.cpp">
      <Filter>File di origine</Filter>
    </ClCompile>
    <ClCompile Include="Scripting\GameScriptItemInfo.cpp">
      <Filter>File di origine</Filter>
    </ClCompile>
    <ClCompile Include="Scripting\GameScriptColor.cpp">
      <Filter>File di origine</Filter>
    </ClCompile>
    <ClCompile Include="Scripting\GameScriptPosition.cpp">
      <Filter>File di origine</Filter>
    </ClCompile>
    <ClCompile Include="Scripting\GameScriptRotation.cpp">
      <Filter>File di origine</Filter>
    </ClCompile>
    <ClCompile Include="Game\pickup\pickup_consumable.cpp">
      <Filter>File di origine</Filter>
    </ClCompile>
    <ClCompile Include="Game\pickup\pickup_key_items.cpp">
      <Filter>File di origine</Filter>
    </ClCompile>
    <ClCompile Include="Game\pickup\pickup_misc_items.cpp">
      <Filter>File di origine</Filter>
    </ClCompile>
    <ClCompile Include="Game\pickup\pickup_weapon.cpp">
      <Filter>File di origine</Filter>
    </ClCompile>
    <ClCompile Include="Game\pickup\pickup_ammo.cpp">
      <Filter>File di origine</Filter>
    </ClCompile>
    <ClCompile Include="Scripting\GameScriptCameraInfo.cpp">
      <Filter>File di origine</Filter>
    </ClCompile>
    <ClCompile Include="Scripting\GameScriptMeshInfo.cpp">
      <Filter>File di origine</Filter>
    </ClCompile>
    <ClCompile Include="Scripting\GameScriptSinkInfo.cpp">
      <Filter>File di origine</Filter>
    </ClCompile>
    <ClCompile Include="Scripting\GameScriptAIObject.cpp">
      <Filter>File di origine</Filter>
    </ClCompile>
    <ClCompile Include="Scripting\GameScriptSoundSourceInfo.cpp">
      <Filter>File di origine</Filter>
    </ClCompile>
    <ClCompile Include="Scripting\GameScriptLevel.cpp">
      <Filter>File di origine</Filter>
    </ClCompile>
    <ClCompile Include="Scripting\GameScriptSkyLayer.cpp">
      <Filter>File di origine</Filter>
    </ClCompile>
    <ClCompile Include="Scripting\GameScriptMirror.cpp">
      <Filter>File di origine</Filter>
    </ClCompile>
    <ClCompile Include="Scripting\GameScriptInventoryObject.cpp">
      <Filter>File di origine</Filter>
    </ClCompile>
    <ClCompile Include="Scripting\GameScriptSettings.cpp">
      <Filter>File di origine</Filter>
    </ClCompile>
    <ClCompile Include="Scripting\GameScriptAudioTrack.cpp">
      <Filter>File di origine</Filter>
    </ClCompile>
    <ClCompile Include="Game\debug\debug.cpp">
      <Filter>File di origine</Filter>
    </ClCompile>
    <ClCompile Include="Scripting\ScriptAssert.cpp">
      <Filter>File di origine</Filter>
    </ClCompile>
    <ClCompile Include="Objects\Generic\Switches\cog_switch.cpp">
      <Filter>File di origine</Filter>
    </ClCompile>
    <ClCompile Include="Objects\Generic\Switches\jump_switch.cpp">
      <Filter>File di origine</Filter>
    </ClCompile>
    <ClCompile Include="Objects\Generic\Switches\rail_switch.cpp">
      <Filter>File di origine</Filter>
    </ClCompile>
    <ClCompile Include="Objects\Generic\Switches\generic_switch.cpp">
      <Filter>File di origine</Filter>
    </ClCompile>
    <ClCompile Include="Objects\Generic\Switches\crowbar_switch.cpp">
      <Filter>File di origine</Filter>
    </ClCompile>
    <ClCompile Include="Objects\Generic\Switches\fullblock_switch.cpp">
      <Filter>File di origine</Filter>
    </ClCompile>
    <ClCompile Include="Objects\Generic\Switches\pulley_switch.cpp">
      <Filter>File di origine</Filter>
    </ClCompile>
    <ClCompile Include="Objects\Generic\Switches\turn_switch.cpp">
      <Filter>File di origine</Filter>
    </ClCompile>
    <ClCompile Include="Objects\Generic\Switches\underwater_switch.cpp">
      <Filter>File di origine</Filter>
    </ClCompile>
    <ClCompile Include="Objects\TR5\Switch\tr5_crowdove_switch.cpp">
      <Filter>File di origine</Filter>
    </ClCompile>
    <ClCompile Include="Game\control\volume.cpp">
      <Filter>File di origine</Filter>
    </ClCompile>
    <ClCompile Include="Game\control\trigger.cpp">
      <Filter>File di origine</Filter>
    </ClCompile>
    <ClCompile Include="Game\itemdata\itemdata.cpp">
      <Filter>File di origine</Filter>
    </ClCompile>
  </ItemGroup>
  <ItemGroup>
    <None Include="packages.config" />
    <None Include="Shaders\DX11\Test.fx" />
    <None Include="Shaders\DX11_Test.fx" />
    <None Include="RuleSet.ruleset" />
    <None Include="Shaders\CameraMatrixBuffer.hlsli" />
    <None Include="Shaders\Fxaa3_11.fxh" />
    <None Include="Shaders\Basic.fx" />
    <None Include="Shaders\ClearGBuffer.fx" />
    <None Include="Shaders\CombineFinal.fx" />
    <None Include="Shaders\Depth.fx" />
    <None Include="Shaders\DX11_AmbientCubeMap.fx" />
    <None Include="Shaders\DX11_FinalPass.fx" />
    <None Include="Shaders\DX11_FullscreenQuad.fx" />
    <None Include="Shaders\DX11_Hairs.fx" />
    <None Include="Shaders\DX11_Inventory.fx" />
    <None Include="Shaders\DX11_Items.fx" />
    <None Include="Shaders\DX11_Rooms.fx" />
    <None Include="Shaders\DX11_ShadowMap.fx" />
    <None Include="Shaders\DX11_Sky.fx" />
    <None Include="Shaders\DX11_Solid.fx" />
    <None Include="Shaders\DX11_Sprites.fx" />
    <None Include="Shaders\DX11_Statics.fx" />
    <None Include="Shaders\FillGBuffer.fx" />
    <None Include="Shaders\FinalPass.fx" />
    <None Include="Shaders\FXAA.fx" />
    <None Include="Shaders\Horizon.fx" />
    <None Include="Shaders\Items.fx" />
    <None Include="Shaders\Light.fx" />
    <None Include="Shaders\Rain.fx" />
    <None Include="Shaders\ReconstructZBuffer.fx" />
    <None Include="Shaders\Rooms.fx" />
    <None Include="Shaders\Shader.fx" />
    <None Include="Shaders\Sprites.fx" />
    <None Include="Shaders\SSAO.fx" />
    <None Include="Shaders\Transparent.fx" />
    <None Include="Resources.aps" />
    <None Include="Shaders\VertexInput.hlsli" />
    <None Include="Shaders\Math.hlsli" />
    <None Include="Shaders\HUD\DX11_PS_HUD.hlsl" />
    <None Include="Shaders\HUD\DX11_PS_HUDBar.hlsl" />
    <None Include="Shaders\HUD\DX11_VS_HUD.hlsl" />
    <None Include="Objects\Generic\Switches\rail_switch.h" />
  </ItemGroup>
  <ItemGroup>
    <ResourceCompile Include="Resources.rc">
      <Filter>File di risorse</Filter>
    </ResourceCompile>
  </ItemGroup>
  <ItemGroup>
    <Image Include="Banner.bmp">
      <Filter>File di risorse</Filter>
    </Image>
    <Image Include="ten.ico">
      <Filter>File di risorse</Filter>
    </Image>
  </ItemGroup>
</Project>