<?xml version="1.0" encoding="utf-8"?>
<Project ToolsVersion="4.0" xmlns="http://schemas.microsoft.com/developer/msbuild/2003">
  <ItemGroup>
    <Filter Include="File di origine">
      <UniqueIdentifier>{4FC737F1-C7A5-4376-A066-2A32D752A2FF}</UniqueIdentifier>
      <Extensions>cpp;c;cc;cxx;def;odl;idl;hpj;bat;asm;asmx</Extensions>
    </Filter>
    <Filter Include="File di intestazione">
      <UniqueIdentifier>{93995380-89BD-4b04-88EB-625FBE52EBFB}</UniqueIdentifier>
      <Extensions>h;hh;hpp;hxx;hm;inl;inc;ipp;xsd</Extensions>
    </Filter>
    <Filter Include="File di risorse">
      <UniqueIdentifier>{67DA6AB6-F800-4c08-8B7A-83BB121AAD01}</UniqueIdentifier>
      <Extensions>rc;ico;cur;bmp;dlg;rc2;rct;bin;rgs;gif;jpg;jpeg;jpe;resx;tiff;tif;png;wav;mfcribbon-ms</Extensions>
    </Filter>
  </ItemGroup>
  <ItemGroup>
    <ClInclude Include="targetver.h">
      <Filter>File di intestazione</Filter>
    </ClInclude>
    <ClInclude Include="Game\Anim.h">
      <Filter>File di intestazione</Filter>
    </ClInclude>
    <ClInclude Include="Game\Box.h">
      <Filter>File di intestazione</Filter>
    </ClInclude>
    <ClInclude Include="Game\camera.h">
      <Filter>File di intestazione</Filter>
    </ClInclude>
    <ClInclude Include="Game\collide.h">
      <Filter>File di intestazione</Filter>
    </ClInclude>
    <ClInclude Include="Game\control.h">
      <Filter>File di intestazione</Filter>
    </ClInclude>
    <ClInclude Include="Game\debris.h">
      <Filter>File di intestazione</Filter>
    </ClInclude>
    <ClInclude Include="Game\delstuff.h">
      <Filter>File di intestazione</Filter>
    </ClInclude>
    <ClInclude Include="Game\deltapak.h">
      <Filter>File di intestazione</Filter>
    </ClInclude>
    <ClInclude Include="Game\door.h">
      <Filter>File di intestazione</Filter>
    </ClInclude>
    <ClInclude Include="Game\draw.h">
      <Filter>File di intestazione</Filter>
    </ClInclude>
    <ClInclude Include="Game\effect2.h">
      <Filter>File di intestazione</Filter>
    </ClInclude>
    <ClInclude Include="Game\effects.h">
      <Filter>File di intestazione</Filter>
    </ClInclude>
    <ClInclude Include="Game\flmtorch.h">
      <Filter>File di intestazione</Filter>
    </ClInclude>
    <ClInclude Include="Game\gameflow.h">
      <Filter>File di intestazione</Filter>
    </ClInclude>
    <ClInclude Include="Game\guardian.h">
      <Filter>File di intestazione</Filter>
    </ClInclude>
    <ClInclude Include="Game\hair.h">
      <Filter>File di intestazione</Filter>
    </ClInclude>
    <ClInclude Include="Game\healt.h">
      <Filter>File di intestazione</Filter>
    </ClInclude>
    <ClInclude Include="Game\hydra.h">
      <Filter>File di intestazione</Filter>
    </ClInclude>
    <ClInclude Include="Game\items.h">
      <Filter>File di intestazione</Filter>
    </ClInclude>
    <ClInclude Include="Game\lara.h">
      <Filter>File di intestazione</Filter>
    </ClInclude>
    <ClInclude Include="Game\lara1gun.h">
      <Filter>File di intestazione</Filter>
    </ClInclude>
    <ClInclude Include="Game\lara2gun.h">
      <Filter>File di intestazione</Filter>
    </ClInclude>
    <ClInclude Include="Game\laraclmb.h">
      <Filter>File di intestazione</Filter>
    </ClInclude>
    <ClInclude Include="Game\larafire.h">
      <Filter>File di intestazione</Filter>
    </ClInclude>
    <ClInclude Include="Game\laraflar.h">
      <Filter>File di intestazione</Filter>
    </ClInclude>
    <ClInclude Include="Game\laramisc.h">
      <Filter>File di intestazione</Filter>
    </ClInclude>
    <ClInclude Include="Game\larasurf.h">
      <Filter>File di intestazione</Filter>
    </ClInclude>
    <ClInclude Include="Game\laraswim.h">
      <Filter>File di intestazione</Filter>
    </ClInclude>
    <ClInclude Include="Game\lot.h">
      <Filter>File di intestazione</Filter>
    </ClInclude>
    <ClInclude Include="Game\mafia.h">
      <Filter>File di intestazione</Filter>
    </ClInclude>
    <ClInclude Include="Game\misc.h">
      <Filter>File di intestazione</Filter>
    </ClInclude>
    <ClInclude Include="Game\missile.h">
      <Filter>File di intestazione</Filter>
    </ClInclude>
    <ClInclude Include="Game\newinv2.h">
      <Filter>File di intestazione</Filter>
    </ClInclude>
    <ClInclude Include="Game\objects.h">
      <Filter>File di intestazione</Filter>
    </ClInclude>
    <ClInclude Include="Game\objlight.h">
      <Filter>File di intestazione</Filter>
    </ClInclude>
    <ClInclude Include="Game\people.h">
      <Filter>File di intestazione</Filter>
    </ClInclude>
    <ClInclude Include="Game\pickup.h">
      <Filter>File di intestazione</Filter>
    </ClInclude>
    <ClInclude Include="Game\rat.h">
      <Filter>File di intestazione</Filter>
    </ClInclude>
    <ClInclude Include="Game\rope.h">
      <Filter>File di intestazione</Filter>
    </ClInclude>
    <ClInclude Include="Game\savegame.h">
      <Filter>File di intestazione</Filter>
    </ClInclude>
    <ClInclude Include="Game\sound.h">
      <Filter>File di intestazione</Filter>
    </ClInclude>
    <ClInclude Include="Game\sphere.h">
      <Filter>File di intestazione</Filter>
    </ClInclude>
    <ClInclude Include="Game\spotcam.h">
      <Filter>File di intestazione</Filter>
    </ClInclude>
    <ClInclude Include="Game\switch.h">
      <Filter>File di intestazione</Filter>
    </ClInclude>
    <ClInclude Include="Game\text.h">
      <Filter>File di intestazione</Filter>
    </ClInclude>
    <ClInclude Include="Game\tomb4fx.h">
      <Filter>File di intestazione</Filter>
    </ClInclude>
    <ClInclude Include="Game\traps.h">
      <Filter>File di intestazione</Filter>
    </ClInclude>
    <ClInclude Include="Game\twogun.h">
      <Filter>File di intestazione</Filter>
    </ClInclude>
    <ClInclude Include="Global\malloc.h">
      <Filter>File di intestazione</Filter>
    </ClInclude>
    <ClInclude Include="Global\math.h">
      <Filter>File di intestazione</Filter>
    </ClInclude>
    <ClInclude Include="Global\types.h">
      <Filter>File di intestazione</Filter>
    </ClInclude>
    <ClInclude Include="Global\vars.h">
      <Filter>File di intestazione</Filter>
    </ClInclude>
    <ClInclude Include="Global\global.h">
      <Filter>File di intestazione</Filter>
    </ClInclude>
    <ClInclude Include="Global\macros.h">
      <Filter>File di intestazione</Filter>
    </ClInclude>
    <ClInclude Include="Global\vodoo.h">
      <Filter>File di intestazione</Filter>
    </ClInclude>
    <ClInclude Include="Global\constants.h">
      <Filter>File di intestazione</Filter>
    </ClInclude>
    <ClInclude Include="Global\enums.h">
      <Filter>File di intestazione</Filter>
    </ClInclude>
    <ClInclude Include="Global\objectslist.h">
      <Filter>File di intestazione</Filter>
    </ClInclude>
    <ClInclude Include="Specific\setup.h">
      <Filter>File di intestazione</Filter>
    </ClInclude>
    <ClInclude Include="Game\spikewall.h">
      <Filter>File di intestazione</Filter>
    </ClInclude>
    <ClInclude Include="Game\Intestazione.h">
      <Filter>File di intestazione</Filter>
    </ClInclude>
    <ClInclude Include="CustomObjects\cobra.h">
      <Filter>File di intestazione</Filter>
    </ClInclude>
    <ClInclude Include="CustomObjects\tiger.h">
      <Filter>File di intestazione</Filter>
    </ClInclude>
    <ClInclude Include="CustomObjects\customtraps.h">
      <Filter>File di intestazione</Filter>
    </ClInclude>
    <ClInclude Include="CustomObjects\dino.h">
      <Filter>File di intestazione</Filter>
    </ClInclude>
    <ClInclude Include="Specific\roomload.h">
      <Filter>File di intestazione</Filter>
    </ClInclude>
    <ClInclude Include="Specific\directx.h">
      <Filter>File di intestazione</Filter>
    </ClInclude>
    <ClInclude Include="Specific\patch.h">
      <Filter>File di intestazione</Filter>
    </ClInclude>
    <ClInclude Include="CustomObjects\frogman.h">
      <Filter>File di intestazione</Filter>
    </ClInclude>
    <ClInclude Include="CustomObjects\tribesman.h">
      <Filter>File di intestazione</Filter>
    </ClInclude>
    <ClInclude Include="CustomObjects\monk.h">
      <Filter>File di intestazione</Filter>
    </ClInclude>
    <ClInclude Include="CustomObjects\eagle.h">
      <Filter>File di intestazione</Filter>
    </ClInclude>
    <ClInclude Include="CustomObjects\bear.h">
      <Filter>File di intestazione</Filter>
    </ClInclude>
    <ClInclude Include="CustomObjects\raptor.h">
      <Filter>File di intestazione</Filter>
    </ClInclude>
    <ClInclude Include="CustomObjects\shark.h">
      <Filter>File di intestazione</Filter>
    </ClInclude>
    <ClInclude Include="Specific\input.h">
      <Filter>File di intestazione</Filter>
    </ClInclude>
    <ClInclude Include="Specific\winmain.h">
      <Filter>File di intestazione</Filter>
    </ClInclude>
    <ClInclude Include="Specific\init.h">
      <Filter>File di intestazione</Filter>
    </ClInclude>
    <ClInclude Include="Renderer\Renderer.h">
      <Filter>File di intestazione</Filter>
    </ClInclude>
    <ClInclude Include="Game\inventory.h">
      <Filter>File di intestazione</Filter>
    </ClInclude>
    <ClInclude Include="Renderer\Enums.h">
      <Filter>File di intestazione</Filter>
    </ClInclude>
    <ClInclude Include="Renderer\RendererBucket.h">
      <Filter>File di intestazione</Filter>
    </ClInclude>
    <ClInclude Include="Renderer\RendererMesh.h">
      <Filter>File di intestazione</Filter>
    </ClInclude>
    <ClInclude Include="Renderer\RendererObject.h">
      <Filter>File di intestazione</Filter>
    </ClInclude>
    <ClInclude Include="Renderer\Structs.h">
      <Filter>File di intestazione</Filter>
    </ClInclude>
    <ClInclude Include="Scripting\GameFlowScript.h">
      <Filter>File di intestazione</Filter>
    </ClInclude>
    <ClInclude Include="Scripting\GameLogicScript.h">
      <Filter>File di intestazione</Filter>
    </ClInclude>
    <ClInclude Include="Specific\IO\ChunkReader.h">
      <Filter>File di intestazione</Filter>
    </ClInclude>
    <ClInclude Include="Specific\IO\LEB128.h">
      <Filter>File di intestazione</Filter>
    </ClInclude>
    <ClInclude Include="Specific\IO\ChunkId.h">
      <Filter>File di intestazione</Filter>
    </ClInclude>
    <ClInclude Include="Specific\IO\Streams.h">
      <Filter>File di intestazione</Filter>
    </ClInclude>
    <ClInclude Include="Specific\IO\ChunkWriter.h">
      <Filter>File di intestazione</Filter>
    </ClInclude>
    <ClInclude Include="Objects\newobjects.h">
      <Filter>File di intestazione</Filter>
    </ClInclude>
    <ClInclude Include="resource.h">
      <Filter>File di intestazione</Filter>
    </ClInclude>
    <ClInclude Include="Specific\config.h">
      <Filter>File di intestazione</Filter>
    </ClInclude>
    <ClInclude Include="Renderer\Renderer11.h">
      <Filter>File di intestazione</Filter>
    </ClInclude>
  </ItemGroup>
  <ItemGroup>
    <ClCompile Include="TR5Main.cpp">
      <Filter>File di origine</Filter>
    </ClCompile>
    <ClCompile Include="dllmain.cpp">
      <Filter>File di origine</Filter>
    </ClCompile>
    <ClCompile Include="Game\anim.cpp">
      <Filter>File di origine</Filter>
    </ClCompile>
    <ClCompile Include="Game\box.cpp">
      <Filter>File di origine</Filter>
    </ClCompile>
    <ClCompile Include="Game\camera.cpp">
      <Filter>File di origine</Filter>
    </ClCompile>
    <ClCompile Include="Game\collide.cpp">
      <Filter>File di origine</Filter>
    </ClCompile>
    <ClCompile Include="Game\control.cpp">
      <Filter>File di origine</Filter>
    </ClCompile>
    <ClCompile Include="Game\debris.cpp">
      <Filter>File di origine</Filter>
    </ClCompile>
    <ClCompile Include="Game\delstuff.cpp">
      <Filter>File di origine</Filter>
    </ClCompile>
    <ClCompile Include="Game\deltapak.cpp">
      <Filter>File di origine</Filter>
    </ClCompile>
    <ClCompile Include="Game\door.cpp">
      <Filter>File di origine</Filter>
    </ClCompile>
    <ClCompile Include="Game\draw.cpp">
      <Filter>File di origine</Filter>
    </ClCompile>
    <ClCompile Include="Game\effect2.cpp">
      <Filter>File di origine</Filter>
    </ClCompile>
    <ClCompile Include="Game\effects.cpp">
      <Filter>File di origine</Filter>
    </ClCompile>
    <ClCompile Include="Game\flmtorch.cpp">
      <Filter>File di origine</Filter>
    </ClCompile>
    <ClCompile Include="Game\gameflow.cpp">
      <Filter>File di origine</Filter>
    </ClCompile>
    <ClCompile Include="Game\guardian.cpp">
      <Filter>File di origine</Filter>
    </ClCompile>
    <ClCompile Include="Game\hair.cpp">
      <Filter>File di origine</Filter>
    </ClCompile>
    <ClCompile Include="Game\healt.cpp">
      <Filter>File di origine</Filter>
    </ClCompile>
    <ClCompile Include="Game\hydra.cpp">
      <Filter>File di origine</Filter>
    </ClCompile>
    <ClCompile Include="Game\items.cpp">
      <Filter>File di origine</Filter>
    </ClCompile>
    <ClCompile Include="Game\lara.cpp">
      <Filter>File di origine</Filter>
    </ClCompile>
    <ClCompile Include="Game\lara1gun.cpp">
      <Filter>File di origine</Filter>
    </ClCompile>
    <ClCompile Include="Game\lara2gun.cpp">
      <Filter>File di origine</Filter>
    </ClCompile>
    <ClCompile Include="Game\laraclmb.cpp">
      <Filter>File di origine</Filter>
    </ClCompile>
    <ClCompile Include="Game\larafire.cpp">
      <Filter>File di origine</Filter>
    </ClCompile>
    <ClCompile Include="Game\laraflar.cpp">
      <Filter>File di origine</Filter>
    </ClCompile>
    <ClCompile Include="Game\laramisc.cpp">
      <Filter>File di origine</Filter>
    </ClCompile>
    <ClCompile Include="Game\larasurf.cpp">
      <Filter>File di origine</Filter>
    </ClCompile>
    <ClCompile Include="Game\laraswim.cpp">
      <Filter>File di origine</Filter>
    </ClCompile>
    <ClCompile Include="Game\lot.cpp">
      <Filter>File di origine</Filter>
    </ClCompile>
    <ClCompile Include="Game\mafia.cpp">
      <Filter>File di origine</Filter>
    </ClCompile>
    <ClCompile Include="Game\missile.cpp">
      <Filter>File di origine</Filter>
    </ClCompile>
    <ClCompile Include="Game\newinv2.cpp">
      <Filter>File di origine</Filter>
    </ClCompile>
    <ClCompile Include="Game\objects.cpp">
      <Filter>File di origine</Filter>
    </ClCompile>
    <ClCompile Include="Game\objlight.cpp">
      <Filter>File di origine</Filter>
    </ClCompile>
    <ClCompile Include="Game\people.cpp">
      <Filter>File di origine</Filter>
    </ClCompile>
    <ClCompile Include="Game\pickup.cpp">
      <Filter>File di origine</Filter>
    </ClCompile>
    <ClCompile Include="Game\rat.cpp">
      <Filter>File di origine</Filter>
    </ClCompile>
    <ClCompile Include="Game\rope.cpp">
      <Filter>File di origine</Filter>
    </ClCompile>
    <ClCompile Include="Game\savegame.cpp">
      <Filter>File di origine</Filter>
    </ClCompile>
    <ClCompile Include="Game\sound.cpp">
      <Filter>File di origine</Filter>
    </ClCompile>
    <ClCompile Include="Game\sphere.cpp">
      <Filter>File di origine</Filter>
    </ClCompile>
    <ClCompile Include="Game\spotcam.cpp">
      <Filter>File di origine</Filter>
    </ClCompile>
    <ClCompile Include="Game\switch.cpp">
      <Filter>File di origine</Filter>
    </ClCompile>
    <ClCompile Include="Game\text.cpp">
      <Filter>File di origine</Filter>
    </ClCompile>
    <ClCompile Include="Game\tomb4fx.cpp">
      <Filter>File di origine</Filter>
    </ClCompile>
    <ClCompile Include="Game\traps.cpp">
      <Filter>File di origine</Filter>
    </ClCompile>
    <ClCompile Include="Game\twogun.cpp">
      <Filter>File di origine</Filter>
    </ClCompile>
    <ClCompile Include="Global\malloc.cpp">
      <Filter>File di origine</Filter>
    </ClCompile>
    <ClCompile Include="Specific\setup.cpp">
      <Filter>File di origine</Filter>
    </ClCompile>
    <ClCompile Include="Specific\roomload.cpp">
      <Filter>File di origine</Filter>
    </ClCompile>
    <ClCompile Include="Specific\patch.cpp">
      <Filter>File di origine</Filter>
    </ClCompile>
    <ClCompile Include="Specific\input.cpp">
      <Filter>File di origine</Filter>
    </ClCompile>
    <ClCompile Include="Specific\winmain.cpp">
      <Filter>File di origine</Filter>
    </ClCompile>
    <ClCompile Include="Specific\game.cpp">
      <Filter>File di origine</Filter>
    </ClCompile>
    <ClCompile Include="Specific\game.h">
      <Filter>File di origine</Filter>
    </ClCompile>
    <ClCompile Include="Renderer\Renderer.cpp">
      <Filter>File di origine</Filter>
    </ClCompile>
    <ClCompile Include="Game\inventory.cpp">
      <Filter>File di origine</Filter>
    </ClCompile>
    <ClCompile Include="Renderer\RendererBucket.cpp">
      <Filter>File di origine</Filter>
    </ClCompile>
    <ClCompile Include="Renderer\RendererMesh.cpp">
      <Filter>File di origine</Filter>
    </ClCompile>
    <ClCompile Include="Renderer\RendererObject.cpp">
      <Filter>File di origine</Filter>
    </ClCompile>
    <ClCompile Include="Specific\Init.cpp">
      <Filter>File di origine</Filter>
    </ClCompile>
    <ClCompile Include="Objects\baddy.cpp">
      <Filter>File di origine</Filter>
    </ClCompile>
    <ClCompile Include="Objects\animals.cpp">
      <Filter>File di origine</Filter>
    </ClCompile>
    <ClCompile Include="Objects\sas.cpp">
      <Filter>File di origine</Filter>
    </ClCompile>
    <ClCompile Include="Objects\mummy.cpp">
      <Filter>File di origine</Filter>
    </ClCompile>
    <ClCompile Include="Objects\motorbike.cpp">
      <Filter>File di origine</Filter>
    </ClCompile>
    <ClCompile Include="Objects\quad.cpp">
      <Filter>File di origine</Filter>
    </ClCompile>
    <ClCompile Include="Objects\skeleton.cpp">
      <Filter>File di origine</Filter>
    </ClCompile>
    <ClCompile Include="Objects\scuba.cpp">
      <Filter>File di origine</Filter>
    </ClCompile>
    <ClCompile Include="Objects\trap.cpp">
      <Filter>File di origine</Filter>
    </ClCompile>
    <ClCompile Include="Objects\tribesman.cpp">
      <Filter>File di origine</Filter>
    </ClCompile>
    <ClCompile Include="Scripting\GameFlowScript.cpp">
      <Filter>File di origine</Filter>
    </ClCompile>
    <ClCompile Include="Scripting\GameLogicScript.cpp">
      <Filter>File di origine</Filter>
    </ClCompile>
    <ClCompile Include="Objects\knight.cpp">
      <Filter>File di origine</Filter>
    </ClCompile>
    <ClCompile Include="Objects\puzzles.cpp">
      <Filter>File di origine</Filter>
    </ClCompile>
    <ClCompile Include="Objects\misc.cpp">
      <Filter>File di origine</Filter>
    </ClCompile>
    <ClCompile Include="Objects\demigod.cpp">
      <Filter>File di origine</Filter>
    </ClCompile>
    <ClCompile Include="Objects\wraith.cpp">
      <Filter>File di origine</Filter>
    </ClCompile>
    <ClCompile Include="Objects\jeanyves.cpp">
      <Filter>File di origine</Filter>
    </ClCompile>
    <ClCompile Include="Objects\troops.cpp">
      <Filter>File di origine</Filter>
    </ClCompile>
    <ClCompile Include="Objects\guide.cpp">
      <Filter>File di origine</Filter>
    </ClCompile>
    <ClCompile Include="Specific\config.cpp">
      <Filter>File di origine</Filter>
    </ClCompile>
    <ClCompile Include="Renderer\Renderer11.cpp">
      <Filter>File di origine</Filter>
    </ClCompile>
  </ItemGroup>
  <ItemGroup>
    <None Include="Shaders\Shader.fx" />
    <None Include="Shaders\ClearGBuffer.fx" />
    <None Include="Shaders\Depth.fx" />
    <None Include="Shaders\FillGBuffer.fx" />
    <None Include="Shaders\Horizon.fx" />
    <None Include="Shaders\Items.fx" />
    <None Include="Shaders\Rooms.fx" />
    <None Include="Shaders\Basic.fx" />
    <None Include="Shaders\Light.fx" />
    <None Include="Shaders\CombineFinal.fx" />
    <None Include="Shaders\Fxaa3_11.fxh" />
    <None Include="Shaders\FXAA.fx" />
    <None Include="Shaders\ReconstructZBuffer.fx" />
    <None Include="Shaders\Sprites.fx" />
    <None Include="Shaders\Rain.fx" />
    <None Include="Shaders\Transparent.fx" />
    <None Include="Scripting\Scripts\Settings.lua" />
    <None Include="Scripting\Scripts\Title.lua" />
    <None Include="Scripting\Scripts\English.lua" />
    <None Include="Scripting\Scripts\Gameflow.lua" />
    <None Include="Scripting\Scripts\Andrea2.lua" />
    <None Include="Shaders\FinalPass.fx" />
    <None Include="Scripting\Scripts\andrea1.lua" />
    <None Include="Scripting\Scripts\Constants.lua" />
    <None Include="packages.config" />
    <None Include="Shaders\DX11\Test.fx" />
    <None Include="Shaders\DX11_Test.fx" />
    <None Include="Shaders\DX11_AmbientCubeMap.fx" />
    <None Include="Shaders\DX11_Rooms.fx" />
    <None Include="Shaders\DX11_Items.fx" />
    <None Include="Shaders\DX11_Hairs.fx" />
    <None Include="Shaders\DX11_Statics.fx" />
    <None Include="Shaders\DX11_Sky.fx" />
    <None Include="Shaders\DX11_Sprites.fx" />
    <None Include="Shaders\DX11_Solid.fx" />
    <None Include="Shaders\DX11_Inventory.fx" />
    <None Include="Shaders\DX11_FullscreenQuad.fx" />
  </ItemGroup>
  <ItemGroup>
    <ResourceCompile Include="Resources.rc">
      <Filter>File di risorse</Filter>
    </ResourceCompile>
  </ItemGroup>
</Project>