<?xml version="1.0" encoding="utf-8"?>
<Project ToolsVersion="4.0" xmlns="http://schemas.microsoft.com/developer/msbuild/2003">
  <ItemGroup>
    <Filter Include="Specific">
      <UniqueIdentifier>{e0508e32-eb74-4561-a931-4806713cb0b2}</UniqueIdentifier>
    </Filter>
  </ItemGroup>
  <ItemGroup>
    <ClInclude Include="$(MSBuildThisFileDirectory)Specific\level.h">
      <Filter>Specific</Filter>
    </ClInclude>
    <ClInclude Include="$(MSBuildThisFileDirectory)Game\room.h" />
    <ClInclude Include="$(MSBuildThisFileDirectory)Specific\phd_global.h" />
    <ClInclude Include="$(MSBuildThisFileDirectory)Game\items.h" />
    <ClInclude Include="$(MSBuildThisFileDirectory)Game\animation.h" />
    <ClInclude Include="$(MSBuildThisFileDirectory)Specific\trmath.h" />
    <ClInclude Include="$(MSBuildThisFileDirectory)Specific\newtypes.h" />
    <ClInclude Include="$(MSBuildThisFileDirectory)Specific\RGBAColor8Byte.h" />
    <ClInclude Include="$(MSBuildThisFileDirectory)Specific\input.h" />
    <ClInclude Include="$(MSBuildThisFileDirectory)Specific\configuration.h" />
    <ClInclude Include="$(MSBuildThisFileDirectory)Specific\setup.h" />
    <ClInclude Include="$(MSBuildThisFileDirectory)Game\control\volumetriggerer.h" />
    <ClInclude Include="$(MSBuildThisFileDirectory)Game\collision\collide_item.h" />
    <ClInclude Include="$(MSBuildThisFileDirectory)Game\collision\collide_room.h" />
    <ClInclude Include="$(MSBuildThisFileDirectory)Game\collision\floordata.h" />
    <ClInclude Include="$(MSBuildThisFileDirectory)Game\control\box.h" />
    <ClInclude Include="$(MSBuildThisFileDirectory)Game\control\control.h" />
    <ClInclude Include="$(MSBuildThisFileDirectory)Game\control\los.h" />
    <ClInclude Include="$(MSBuildThisFileDirectory)Game\control\lot.h" />
    <ClInclude Include="$(MSBuildThisFileDirectory)Game\control\trigger.h" />
    <ClInclude Include="$(MSBuildThisFileDirectory)Game\debug\debug.h" />
    <ClInclude Include="$(MSBuildThisFileDirectory)Game\effects\effects.h" />
    <ClInclude Include="$(MSBuildThisFileDirectory)Game\effects\lightning.h" />
    <ClInclude Include="$(MSBuildThisFileDirectory)Game\effects\tomb4fx.h" />
    <ClInclude Include="$(MSBuildThisFileDirectory)Game\itemdata\creature_info.h" />
    <ClInclude Include="$(MSBuildThisFileDirectory)Game\itemdata\door_data.h" />
    <ClInclude Include="$(MSBuildThisFileDirectory)Game\itemdata\itemdata.h" />
    <ClInclude Include="$(MSBuildThisFileDirectory)Game\Lara\lara.h" />
    <ClInclude Include="$(MSBuildThisFileDirectory)Game\Lara\lara_struct.h" />
    <ClInclude Include="$(MSBuildThisFileDirectory)Game\pickup\pickup.h" />
    <ClInclude Include="$(MSBuildThisFileDirectory)Game\camera.h" />
    <ClInclude Include="$(MSBuildThisFileDirectory)Game\gui.h" />
    <ClInclude Include="$(MSBuildThisFileDirectory)Game\savegame.h" />
    <ClInclude Include="$(MSBuildThisFileDirectory)Libs\bass\bass.h" />
    <ClInclude Include="$(MSBuildThisFileDirectory)Libs\bass\bass_fx.h" />
    <ClInclude Include="$(MSBuildThisFileDirectory)Libs\bass\bassmix.h" />
    <ClInclude Include="$(MSBuildThisFileDirectory)Libs\lua\lauxlib.h" />
    <ClInclude Include="$(MSBuildThisFileDirectory)Libs\lua\lua.h" />
    <ClInclude Include="$(MSBuildThisFileDirectory)Libs\lua\lua.hpp" />
    <ClInclude Include="$(MSBuildThisFileDirectory)Libs\lua\luaconf.h" />
    <ClInclude Include="$(MSBuildThisFileDirectory)Libs\lua\lualib.h" />
    <ClInclude Include="$(MSBuildThisFileDirectory)Libs\sol\config.hpp" />
    <ClInclude Include="$(MSBuildThisFileDirectory)Libs\sol\forward.hpp" />
    <ClInclude Include="$(MSBuildThisFileDirectory)Libs\sol\sol.hpp" />
    <ClInclude Include="$(MSBuildThisFileDirectory)Libs\spdlog\cfg\argv.h" />
    <ClInclude Include="$(MSBuildThisFileDirectory)Libs\spdlog\cfg\env.h" />
    <ClInclude Include="$(MSBuildThisFileDirectory)Libs\spdlog\cfg\helpers.h" />
    <ClInclude Include="$(MSBuildThisFileDirectory)Libs\spdlog\cfg\helpers-inl.h" />
    <ClInclude Include="$(MSBuildThisFileDirectory)Libs\spdlog\details\backtracer.h" />
    <ClInclude Include="$(MSBuildThisFileDirectory)Libs\spdlog\details\backtracer-inl.h" />
    <ClInclude Include="$(MSBuildThisFileDirectory)Libs\spdlog\details\circular_q.h" />
    <ClInclude Include="$(MSBuildThisFileDirectory)Libs\spdlog\details\console_globals.h" />
    <ClInclude Include="$(MSBuildThisFileDirectory)Libs\spdlog\details\file_helper.h" />
    <ClInclude Include="$(MSBuildThisFileDirectory)Libs\spdlog\details\file_helper-inl.h" />
    <ClInclude Include="$(MSBuildThisFileDirectory)Libs\spdlog\details\fmt_helper.h" />
    <ClInclude Include="$(MSBuildThisFileDirectory)Libs\spdlog\details\log_msg.h" />
    <ClInclude Include="$(MSBuildThisFileDirectory)Libs\spdlog\details\log_msg_buffer.h" />
    <ClInclude Include="$(MSBuildThisFileDirectory)Libs\spdlog\details\log_msg_buffer-inl.h" />
    <ClInclude Include="$(MSBuildThisFileDirectory)Libs\spdlog\details\log_msg-inl.h" />
    <ClInclude Include="$(MSBuildThisFileDirectory)Libs\spdlog\details\mpmc_blocking_q.h" />
    <ClInclude Include="$(MSBuildThisFileDirectory)Libs\spdlog\details\null_mutex.h" />
    <ClInclude Include="$(MSBuildThisFileDirectory)Libs\spdlog\details\os.h" />
    <ClInclude Include="$(MSBuildThisFileDirectory)Libs\spdlog\details\os-inl.h" />
    <ClInclude Include="$(MSBuildThisFileDirectory)Libs\spdlog\details\periodic_worker.h" />
    <ClInclude Include="$(MSBuildThisFileDirectory)Libs\spdlog\details\periodic_worker-inl.h" />
    <ClInclude Include="$(MSBuildThisFileDirectory)Libs\spdlog\details\registry.h" />
    <ClInclude Include="$(MSBuildThisFileDirectory)Libs\spdlog\details\registry-inl.h" />
    <ClInclude Include="$(MSBuildThisFileDirectory)Libs\spdlog\details\synchronous_factory.h" />
    <ClInclude Include="$(MSBuildThisFileDirectory)Libs\spdlog\details\tcp_client.h" />
    <ClInclude Include="$(MSBuildThisFileDirectory)Libs\spdlog\details\tcp_client-windows.h" />
    <ClInclude Include="$(MSBuildThisFileDirectory)Libs\spdlog\details\thread_pool.h" />
    <ClInclude Include="$(MSBuildThisFileDirectory)Libs\spdlog\details\thread_pool-inl.h" />
    <ClInclude Include="$(MSBuildThisFileDirectory)Libs\spdlog\details\windows_include.h" />
    <ClInclude Include="$(MSBuildThisFileDirectory)Libs\spdlog\fmt\bundled\args.h" />
    <ClInclude Include="$(MSBuildThisFileDirectory)Libs\spdlog\fmt\bundled\chrono.h" />
    <ClInclude Include="$(MSBuildThisFileDirectory)Libs\spdlog\fmt\bundled\color.h" />
    <ClInclude Include="$(MSBuildThisFileDirectory)Libs\spdlog\fmt\bundled\compile.h" />
    <ClInclude Include="$(MSBuildThisFileDirectory)Libs\spdlog\fmt\bundled\core.h" />
    <ClInclude Include="$(MSBuildThisFileDirectory)Libs\spdlog\fmt\bundled\format.h" />
    <ClInclude Include="$(MSBuildThisFileDirectory)Libs\spdlog\fmt\bundled\format-inl.h" />
    <ClInclude Include="$(MSBuildThisFileDirectory)Libs\spdlog\fmt\bundled\locale.h" />
    <ClInclude Include="$(MSBuildThisFileDirectory)Libs\spdlog\fmt\bundled\os.h" />
    <ClInclude Include="$(MSBuildThisFileDirectory)Libs\spdlog\fmt\bundled\ostream.h" />
    <ClInclude Include="$(MSBuildThisFileDirectory)Libs\spdlog\fmt\bundled\printf.h" />
    <ClInclude Include="$(MSBuildThisFileDirectory)Libs\spdlog\fmt\bundled\ranges.h" />
    <ClInclude Include="$(MSBuildThisFileDirectory)Libs\spdlog\fmt\bundled\xchar.h" />
    <ClInclude Include="$(MSBuildThisFileDirectory)Libs\spdlog\fmt\bin_to_hex.h" />
    <ClInclude Include="$(MSBuildThisFileDirectory)Libs\spdlog\fmt\chrono.h" />
    <ClInclude Include="$(MSBuildThisFileDirectory)Libs\spdlog\fmt\compile.h" />
    <ClInclude Include="$(MSBuildThisFileDirectory)Libs\spdlog\fmt\fmt.h" />
    <ClInclude Include="$(MSBuildThisFileDirectory)Libs\spdlog\fmt\ostr.h" />
    <ClInclude Include="$(MSBuildThisFileDirectory)Libs\spdlog\fmt\xchar.h" />
    <ClInclude Include="$(MSBuildThisFileDirectory)Libs\spdlog\sinks\android_sink.h" />
    <ClInclude Include="$(MSBuildThisFileDirectory)Libs\spdlog\sinks\ansicolor_sink.h" />
    <ClInclude Include="$(MSBuildThisFileDirectory)Libs\spdlog\sinks\ansicolor_sink-inl.h" />
    <ClInclude Include="$(MSBuildThisFileDirectory)Libs\spdlog\sinks\base_sink.h" />
    <ClInclude Include="$(MSBuildThisFileDirectory)Libs\spdlog\sinks\base_sink-inl.h" />
    <ClInclude Include="$(MSBuildThisFileDirectory)Libs\spdlog\sinks\basic_file_sink.h" />
    <ClInclude Include="$(MSBuildThisFileDirectory)Libs\spdlog\sinks\basic_file_sink-inl.h" />
    <ClInclude Include="$(MSBuildThisFileDirectory)Libs\spdlog\sinks\daily_file_sink.h" />
    <ClInclude Include="$(MSBuildThisFileDirectory)Libs\spdlog\sinks\dist_sink.h" />
    <ClInclude Include="$(MSBuildThisFileDirectory)Libs\spdlog\sinks\dup_filter_sink.h" />
    <ClInclude Include="$(MSBuildThisFileDirectory)Libs\spdlog\sinks\hourly_file_sink.h" />
    <ClInclude Include="$(MSBuildThisFileDirectory)Libs\spdlog\sinks\mongo_sink.h" />
    <ClInclude Include="$(MSBuildThisFileDirectory)Libs\spdlog\sinks\msvc_sink.h" />
    <ClInclude Include="$(MSBuildThisFileDirectory)Libs\spdlog\sinks\null_sink.h" />
    <ClInclude Include="$(MSBuildThisFileDirectory)Libs\spdlog\sinks\ostream_sink.h" />
    <ClInclude Include="$(MSBuildThisFileDirectory)Libs\spdlog\sinks\qt_sinks.h" />
    <ClInclude Include="$(MSBuildThisFileDirectory)Libs\spdlog\sinks\ringbuffer_sink.h" />
    <ClInclude Include="$(MSBuildThisFileDirectory)Libs\spdlog\sinks\rotating_file_sink.h" />
    <ClInclude Include="$(MSBuildThisFileDirectory)Libs\spdlog\sinks\rotating_file_sink-inl.h" />
    <ClInclude Include="$(MSBuildThisFileDirectory)Libs\spdlog\sinks\sink.h" />
    <ClInclude Include="$(MSBuildThisFileDirectory)Libs\spdlog\sinks\sink-inl.h" />
    <ClInclude Include="$(MSBuildThisFileDirectory)Libs\spdlog\sinks\stdout_color_sinks.h" />
    <ClInclude Include="$(MSBuildThisFileDirectory)Libs\spdlog\sinks\stdout_color_sinks-inl.h" />
    <ClInclude Include="$(MSBuildThisFileDirectory)Libs\spdlog\sinks\stdout_sinks.h" />
    <ClInclude Include="$(MSBuildThisFileDirectory)Libs\spdlog\sinks\stdout_sinks-inl.h" />
    <ClInclude Include="$(MSBuildThisFileDirectory)Libs\spdlog\sinks\syslog_sink.h" />
    <ClInclude Include="$(MSBuildThisFileDirectory)Libs\spdlog\sinks\systemd_sink.h" />
    <ClInclude Include="$(MSBuildThisFileDirectory)Libs\spdlog\sinks\tcp_sink.h" />
    <ClInclude Include="$(MSBuildThisFileDirectory)Libs\spdlog\sinks\win_eventlog_sink.h" />
    <ClInclude Include="$(MSBuildThisFileDirectory)Libs\spdlog\sinks\wincolor_sink.h" />
    <ClInclude Include="$(MSBuildThisFileDirectory)Libs\spdlog\sinks\wincolor_sink-inl.h" />
    <ClInclude Include="$(MSBuildThisFileDirectory)Libs\spdlog\async.h" />
    <ClInclude Include="$(MSBuildThisFileDirectory)Libs\spdlog\async_logger.h" />
    <ClInclude Include="$(MSBuildThisFileDirectory)Libs\spdlog\async_logger-inl.h" />
    <ClInclude Include="$(MSBuildThisFileDirectory)Libs\spdlog\common.h" />
    <ClInclude Include="$(MSBuildThisFileDirectory)Libs\spdlog\common-inl.h" />
    <ClInclude Include="$(MSBuildThisFileDirectory)Libs\spdlog\formatter.h" />
    <ClInclude Include="$(MSBuildThisFileDirectory)Libs\spdlog\fwd.h" />
    <ClInclude Include="$(MSBuildThisFileDirectory)Libs\spdlog\logger.h" />
    <ClInclude Include="$(MSBuildThisFileDirectory)Libs\spdlog\logger-inl.h" />
    <ClInclude Include="$(MSBuildThisFileDirectory)Libs\spdlog\pattern_formatter.h" />
    <ClInclude Include="$(MSBuildThisFileDirectory)Libs\spdlog\pattern_formatter-inl.h" />
    <ClInclude Include="$(MSBuildThisFileDirectory)Libs\spdlog\spdlog.h" />
    <ClInclude Include="$(MSBuildThisFileDirectory)Libs\spdlog\spdlog-inl.h" />
    <ClInclude Include="$(MSBuildThisFileDirectory)Libs\spdlog\stopwatch.h" />
    <ClInclude Include="$(MSBuildThisFileDirectory)Libs\spdlog\tweakme.h" />
    <ClInclude Include="$(MSBuildThisFileDirectory)Libs\spdlog\version.h" />
    <ClInclude Include="$(MSBuildThisFileDirectory)Objects\TR2\Vehicles\boat_info.h" />
    <ClInclude Include="$(MSBuildThisFileDirectory)Objects\TR2\Vehicles\skidoo_info.h" />
    <ClInclude Include="$(MSBuildThisFileDirectory)Objects\TR3\Vehicles\biggun_info.h" />
    <ClInclude Include="$(MSBuildThisFileDirectory)Objects\TR3\Vehicles\kayak_info.h" />
    <ClInclude Include="$(MSBuildThisFileDirectory)Objects\TR3\Vehicles\minecart_info.h" />
    <ClInclude Include="$(MSBuildThisFileDirectory)Objects\TR3\Vehicles\quad_info.h" />
    <ClInclude Include="$(MSBuildThisFileDirectory)Objects\TR3\Vehicles\rubberboat_info.h" />
    <ClInclude Include="$(MSBuildThisFileDirectory)Objects\TR3\Vehicles\upv_info.h" />
    <ClInclude Include="$(MSBuildThisFileDirectory)Objects\TR4\Entity\tr4_wraith_info.h" />
    <ClInclude Include="$(MSBuildThisFileDirectory)Objects\TR4\Vehicles\jeep_info.h" />
    <ClInclude Include="$(MSBuildThisFileDirectory)Objects\TR4\Vehicles\motorbike_info.h" />
    <ClInclude Include="$(MSBuildThisFileDirectory)Objects\TR5\Entity\tr5_laserhead_info.h" />
    <ClInclude Include="$(MSBuildThisFileDirectory)Objects\TR5\Object\tr5_pushableblock_info.h" />
    <ClInclude Include="$(MSBuildThisFileDirectory)Objects\objectslist.h" />
    <ClInclude Include="$(MSBuildThisFileDirectory)Renderer\RenderEnums.h" />
    <ClInclude Include="$(MSBuildThisFileDirectory)Renderer\Renderer11Enums.h" />
    <ClInclude Include="$(MSBuildThisFileDirectory)Scripting\LanguageScript.h" />
    <ClInclude Include="$(MSBuildThisFileDirectory)Sound\sound.h" />
    <ClInclude Include="$(MSBuildThisFileDirectory)Sound\sound_effects.h" />
    <ClInclude Include="$(MSBuildThisFileDirectory)Specific\IO\ChunkId.h" />
    <ClInclude Include="$(MSBuildThisFileDirectory)Specific\IO\ChunkReader.h" />
    <ClInclude Include="$(MSBuildThisFileDirectory)Specific\IO\ChunkWriter.h" />
    <ClInclude Include="$(MSBuildThisFileDirectory)Specific\IO\LEB128.h" />
    <ClInclude Include="$(MSBuildThisFileDirectory)Specific\IO\Streams.h" />
    <ClInclude Include="$(MSBuildThisFileDirectory)frameworkbase.h" />
  </ItemGroup>
</Project>