<?xml version="1.0" encoding="utf-8"?>
<Project ToolsVersion="4.0" xmlns="http://schemas.microsoft.com/developer/msbuild/2003">
  <ItemGroup>
    <Filter Include="Source Files">
      <UniqueIdentifier>{4FC737F1-C7A5-4376-A066-2A32D752A2FF}</UniqueIdentifier>
      <Extensions>cpp;c;cc;cxx;c++;cppm;ixx;def;odl;idl;hpj;bat;asm;asmx</Extensions>
    </Filter>
    <Filter Include="Header Files">
      <UniqueIdentifier>{93995380-89BD-4b04-88EB-625FBE52EBFB}</UniqueIdentifier>
      <Extensions>h;hh;hpp;hxx;h++;hm;inl;inc;ipp;xsd</Extensions>
    </Filter>
    <Filter Include="Resource Files">
      <UniqueIdentifier>{67DA6AB6-F800-4c08-8B7A-83BB121AAD01}</UniqueIdentifier>
      <Extensions>rc;ico;cur;bmp;dlg;rc2;rct;bin;rgs;gif;jpg;jpeg;jpe;resx;tiff;tif;png;wav;mfcribbon-ms</Extensions>
    </Filter>
  </ItemGroup>
  <ItemGroup>
    <ClInclude Include="framework.h">
      <Filter>Header Files</Filter>
    </ClInclude>
    <ClInclude Include="Include\AudioTracks.h">
      <Filter>Header Files</Filter>
    </ClInclude>
    <ClInclude Include="Include\GameFlowScript.h">
      <Filter>Header Files</Filter>
    </ClInclude>
    <ClInclude Include="Include\GameLogicScript.h">
      <Filter>Header Files</Filter>
    </ClInclude>
    <ClInclude Include="Include\GameScriptAIObject.h">
      <Filter>Header Files</Filter>
    </ClInclude>
    <ClInclude Include="Include\GameScriptAudioTrack.h">
      <Filter>Header Files</Filter>
    </ClInclude>
    <ClInclude Include="Include\GameScriptCameraInfo.h">
      <Filter>Header Files</Filter>
    </ClInclude>
    <ClInclude Include="Include\GameScriptColor.h">
      <Filter>Header Files</Filter>
    </ClInclude>
    <ClInclude Include="Include\GameScriptDisplayString.h">
      <Filter>Header Files</Filter>
    </ClInclude>
    <ClInclude Include="Include\GameScriptInventoryObject.h">
      <Filter>Header Files</Filter>
    </ClInclude>
    <ClInclude Include="Include\GameScriptItemInfo.h">
      <Filter>Header Files</Filter>
    </ClInclude>
    <ClInclude Include="Include\GameScriptLevel.h">
      <Filter>Header Files</Filter>
    </ClInclude>
    <ClInclude Include="Include\GameScriptMeshInfo.h">
      <Filter>Header Files</Filter>
    </ClInclude>
    <ClInclude Include="Include\GameScriptMirror.h">
      <Filter>Header Files</Filter>
    </ClInclude>
    <ClInclude Include="Include\GameScriptNamedBase.h">
      <Filter>Header Files</Filter>
    </ClInclude>
    <ClInclude Include="Include\GameScriptPosition.h">
      <Filter>Header Files</Filter>
    </ClInclude>
    <ClInclude Include="Include\GameScriptRotation.h">
      <Filter>Header Files</Filter>
    </ClInclude>
    <ClInclude Include="Include\GameScriptSettings.h">
      <Filter>Header Files</Filter>
    </ClInclude>
    <ClInclude Include="Include\GameScriptSinkInfo.h">
      <Filter>Header Files</Filter>
    </ClInclude>
    <ClInclude Include="Include\GameScriptSkyLayer.h">
      <Filter>Header Files</Filter>
    </ClInclude>
    <ClInclude Include="Include\GameScriptSoundSourceInfo.h">
      <Filter>Header Files</Filter>
    </ClInclude>
    <ClInclude Include="Include\InventorySlots.h">
      <Filter>Header Files</Filter>
    </ClInclude>
    <ClInclude Include="Include\ItemEnumPair.h">
      <Filter>Header Files</Filter>
    </ClInclude>
    <ClInclude Include="Include\LanguageScript.h">
      <Filter>Header Files</Filter>
    </ClInclude>
    <ClInclude Include="Include\LuaHandler.h">
      <Filter>Header Files</Filter>
    </ClInclude>
    <ClInclude Include="Include\LuaTableGenerator.h">
      <Filter>Header Files</Filter>
    </ClInclude>
    <ClInclude Include="Include\LuaVariable.h">
      <Filter>Header Files</Filter>
    </ClInclude>
    <ClInclude Include="Include\ObjectIDs.h">
      <Filter>Header Files</Filter>
    </ClInclude>
    <ClInclude Include="Include\ReservedScriptNames.h">
      <Filter>Header Files</Filter>
    </ClInclude>
    <ClInclude Include="Include\ScriptAssert.h">
      <Filter>Header Files</Filter>
    </ClInclude>
    <ClInclude Include="Include\ScriptInterfaceGame.h">
      <Filter>Header Files</Filter>
    </ClInclude>
    <ClInclude Include="Include\ScriptUtil.h">
      <Filter>Header Files</Filter>
    </ClInclude>
    <ClInclude Include="Include\SolForward.h">
      <Filter>Header Files</Filter>
    </ClInclude>
  </ItemGroup>
  <ItemGroup>
    <ClCompile Include="Source\ScriptAssert.cpp">
      <Filter>Source Files</Filter>
    </ClCompile>
    <ClCompile Include="Source\GameFlowScript.cpp">
      <Filter>Source Files</Filter>
    </ClCompile>
    <ClCompile Include="Source\GameLogicScript.cpp">
      <Filter>Source Files</Filter>
    </ClCompile>
    <ClCompile Include="Source\GameScriptAIObject.cpp">
      <Filter>Source Files</Filter>
    </ClCompile>
    <ClCompile Include="Source\GameScriptAudioTrack.cpp">
      <Filter>Source Files</Filter>
    </ClCompile>
    <ClCompile Include="Source\GameScriptCameraInfo.cpp">
      <Filter>Source Files</Filter>
    </ClCompile>
    <ClCompile Include="Source\GameScriptColor.cpp">
      <Filter>Source Files</Filter>
    </ClCompile>
    <ClCompile Include="Source\GameScriptDisplayString.cpp">
      <Filter>Source Files</Filter>
    </ClCompile>
    <ClCompile Include="Source\GameScriptInventoryObject.cpp">
      <Filter>Source Files</Filter>
    </ClCompile>
    <ClCompile Include="Source\GameScriptItemInfo.cpp">
      <Filter>Source Files</Filter>
    </ClCompile>
    <ClCompile Include="Source\GameScriptLevel.cpp">
      <Filter>Source Files</Filter>
    </ClCompile>
    <ClCompile Include="Source\GameScriptMeshInfo.cpp">
      <Filter>Source Files</Filter>
    </ClCompile>
    <ClCompile Include="Source\GameScriptMirror.cpp">
      <Filter>Source Files</Filter>
    </ClCompile>
    <ClCompile Include="Source\GameScriptPosition.cpp">
      <Filter>Source Files</Filter>
    </ClCompile>
    <ClCompile Include="Source\GameScriptRotation.cpp">
      <Filter>Source Files</Filter>
    </ClCompile>
    <ClCompile Include="Source\GameScriptSettings.cpp">
      <Filter>Source Files</Filter>
    </ClCompile>
    <ClCompile Include="Source\GameScriptSinkInfo.cpp">
      <Filter>Source Files</Filter>
    </ClCompile>
    <ClCompile Include="Source\GameScriptSkyLayer.cpp">
      <Filter>Source Files</Filter>
    </ClCompile>
    <ClCompile Include="Source\GameScriptSoundSourceInfo.cpp">
      <Filter>Source Files</Filter>
    </ClCompile>
    <ClCompile Include="Source\LuaHandler.cpp">
      <Filter>Source Files</Filter>
    </ClCompile>
    <ClCompile Include="framework.cpp">
      <Filter>Source Files</Filter>
    </ClCompile>
  </ItemGroup>
</Project>