<?xml version="1.0" encoding="utf-8"?>
<Project ToolsVersion="4.0" xmlns="http://schemas.microsoft.com/developer/msbuild/2003">
  <ItemGroup>
    <Filter Include="Source Files">
      <UniqueIdentifier>{4FC737F1-C7A5-4376-A066-2A32D752A2FF}</UniqueIdentifier>
      <Extensions>cpp;c;cc;cxx;c++;cppm;ixx;def;odl;idl;hpj;bat;asm;asmx</Extensions>
    </Filter>
    <Filter Include="Header Files">
      <UniqueIdentifier>{93995380-89BD-4b04-88EB-625FBE52EBFB}</UniqueIdentifier>
      <Extensions>h;hh;hpp;hxx;h++;hm;inl;inc;ipp;xsd</Extensions>
    </Filter>
    <Filter Include="Resource Files">
      <UniqueIdentifier>{67DA6AB6-F800-4c08-8B7A-83BB121AAD01}</UniqueIdentifier>
      <Extensions>rc;ico;cur;bmp;dlg;rc2;rct;bin;rgs;gif;jpg;jpeg;jpe;resx;tiff;tif;png;wav;mfcribbon-ms</Extensions>
    </Filter>
  </ItemGroup>
  <ItemGroup>
    <ClInclude Include="frameworkandsol.h">
      <Filter>Header Files</Filter>
    </ClInclude>
    <ClInclude Include="framework.h">
      <Filter>Header Files</Filter>
    </ClInclude>
    <ClInclude Include="include\ScriptUtil.h">
      <Filter>Header Files</Filter>
    </ClInclude>
    <ClInclude Include="include\ScriptAssert.h">
      <Filter>Header Files</Filter>
    </ClInclude>
    <ClInclude Include="include\ItemEnumPair.h">
      <Filter>Header Files</Filter>
    </ClInclude>
    <ClInclude Include="include\ReservedScriptNames.h">
      <Filter>Header Files</Filter>
    </ClInclude>
    <ClInclude Include="include\ScriptInterfaceLevel.h">
      <Filter>Header Files</Filter>
    </ClInclude>
    <ClInclude Include="include\ScriptInterfaceGame.h">
      <Filter>Header Files</Filter>
    </ClInclude>
    <ClInclude Include="include\Scripting\ItemEnumPair.h">
      <Filter>Header Files</Filter>
    </ClInclude>
    <ClInclude Include="include\Scripting\ReservedScriptNames.h">
      <Filter>Header Files</Filter>
    </ClInclude>
    <ClInclude Include="include\Scripting\ScriptAssert.h">
      <Filter>Header Files</Filter>
    </ClInclude>
    <ClInclude Include="include\Scripting\ScriptInterfaceGame.h">
      <Filter>Header Files</Filter>
    </ClInclude>
    <ClInclude Include="include\Scripting\ScriptInterfaceLevel.h">
      <Filter>Header Files</Filter>
    </ClInclude>
    <ClInclude Include="include\Scripting\ScriptUtil.h">
      <Filter>Header Files</Filter>
    </ClInclude>
    <ClInclude Include="include\Scripting\LuaHandler.h">
      <Filter>Header Files</Filter>
    </ClInclude>
    <ClInclude Include="include\Scripting\InventorySlots.h">
      <Filter>Header Files</Filter>
    </ClInclude>
    <ClInclude Include="include\Scripting\ObjectIDs.h">
      <Filter>Header Files</Filter>
    </ClInclude>
    <ClInclude Include="include\Scripting\AudioTracks.h">
      <Filter>Header Files</Filter>
    </ClInclude>
    <ClInclude Include="include\Scripting\ScriptInterfaceState.h">
      <Filter>Header Files</Filter>
    </ClInclude>
    <ClInclude Include="src\AudioTracks.h">
      <Filter>Header Files</Filter>
    </ClInclude>
    <ClInclude Include="src\InventorySlots.h">
      <Filter>Header Files</Filter>
    </ClInclude>
    <ClInclude Include="src\ItemEnumPair.h">
      <Filter>Header Files</Filter>
    </ClInclude>
    <ClInclude Include="src\LuaHandler.h">
      <Filter>Header Files</Filter>
    </ClInclude>
    <ClInclude Include="src\ReservedScriptNames.h">
      <Filter>Header Files</Filter>
    </ClInclude>
    <ClInclude Include="src\ScriptAssert.h">
      <Filter>Header Files</Filter>
    </ClInclude>
    <ClInclude Include="src\ScriptInterfaceState.h">
      <Filter>Header Files</Filter>
    </ClInclude>
    <ClInclude Include="src\ScriptUtil.h">
      <Filter>Header Files</Filter>
    </ClInclude>
    <ClInclude Include="include\Scripting\Strings\ScriptInterfaceStringsHandler.h">
      <Filter>Header Files</Filter>
    </ClInclude>
    <ClInclude Include="include\Scripting\Objects\ScriptInterfaceObjectsHandler.h">
      <Filter>Header Files</Filter>
    </ClInclude>
    <ClInclude Include="include\Scripting\Flow\ScriptInterfaceFlowHandler.h">
      <Filter>Header Files</Filter>
    </ClInclude>
    <ClInclude Include="src\TEN\Color\Color.h">
      <Filter>Header Files</Filter>
    </ClInclude>
    <ClInclude Include="src\TEN\Flow\Animations\Animations.h">
      <Filter>Header Files</Filter>
    </ClInclude>
    <ClInclude Include="src\TEN\Flow\InventoryItem\InventoryItem.h">
      <Filter>Header Files</Filter>
    </ClInclude>
    <ClInclude Include="src\TEN\Flow\Level\Level.h">
      <Filter>Header Files</Filter>
    </ClInclude>
    <ClInclude Include="src\TEN\Flow\Mirror\Mirror.h">
      <Filter>Header Files</Filter>
    </ClInclude>
    <ClInclude Include="src\TEN\Flow\SkyLayer\SkyLayer.h">
      <Filter>Header Files</Filter>
    </ClInclude>
    <ClInclude Include="src\TEN\Flow\FlowHandler.h">
      <Filter>Header Files</Filter>
    </ClInclude>
    <ClInclude Include="src\TEN\Inventory\InventoryHandler.h">
      <Filter>Header Files</Filter>
    </ClInclude>
    <ClInclude Include="src\TEN\Logic\LogicHandler.h">
      <Filter>Header Files</Filter>
    </ClInclude>
    <ClInclude Include="src\TEN\Misc\Misc.h">
      <Filter>Header Files</Filter>
    </ClInclude>
    <ClInclude Include="src\TEN\Objects\AIObject\AIObject.h">
      <Filter>Header Files</Filter>
    </ClInclude>
    <ClInclude Include="src\TEN\Objects\Camera\Camera.h">
      <Filter>Header Files</Filter>
    </ClInclude>
    <ClInclude Include="src\TEN\Objects\Moveable\Moveable.h">
      <Filter>Header Files</Filter>
    </ClInclude>
    <ClInclude Include="src\TEN\Objects\Sink\Sink.h">
      <Filter>Header Files</Filter>
    </ClInclude>
    <ClInclude Include="src\TEN\Objects\SoundSource\SoundSource.h">
      <Filter>Header Files</Filter>
    </ClInclude>
    <ClInclude Include="src\TEN\Objects\Static\Static.h">
      <Filter>Header Files</Filter>
    </ClInclude>
    <ClInclude Include="src\TEN\Objects\NamedBase.h">
      <Filter>Header Files</Filter>
    </ClInclude>
    <ClInclude Include="src\TEN\Objects\ObjectIDs.h">
      <Filter>Header Files</Filter>
    </ClInclude>
    <ClInclude Include="src\TEN\Objects\ObjectsHandler.h">
      <Filter>Header Files</Filter>
    </ClInclude>
    <ClInclude Include="src\TEN\Position\Position.h">
      <Filter>Header Files</Filter>
    </ClInclude>
    <ClInclude Include="src\TEN\Rotation\Rotation.h">
      <Filter>Header Files</Filter>
    </ClInclude>
    <ClInclude Include="src\TEN\Settings\Settings.h">
      <Filter>Header Files</Filter>
    </ClInclude>
    <ClInclude Include="src\TEN\Strings\DisplayString\DisplayString.h">
      <Filter>Header Files</Filter>
    </ClInclude>
    <ClInclude Include="src\TEN\Strings\StringsHandler.h">
      <Filter>Header Files</Filter>
    </ClInclude>
    <ClInclude Include="src\TEN\Flow\Fog\Fog.h">
      <Filter>Header Files</Filter>
    </ClInclude>
    <ClInclude Include="src\TEN\Flow\Settings\Settings.h">
      <Filter>Header Files</Filter>
    </ClInclude>
  </ItemGroup>
  <ItemGroup>
    <ClCompile Include="frameworkandsol.cpp">
      <Filter>Source Files</Filter>
    </ClCompile>
    <ClCompile Include="src\LuaHandler.cpp">
      <Filter>Source Files</Filter>
    </ClCompile>
    <ClCompile Include="src\ScriptAssert.cpp">
      <Filter>Source Files</Filter>
    </ClCompile>
    <ClCompile Include="src\ScriptInterfaceState.cpp">
      <Filter>Source Files</Filter>
    </ClCompile>
    <ClCompile Include="src\TEN\Color\Color.cpp">
      <Filter>Source Files</Filter>
    </ClCompile>
    <ClCompile Include="src\TEN\Flow\Animations\Animations.cpp">
      <Filter>Source Files</Filter>
    </ClCompile>
    <ClCompile Include="src\TEN\Flow\InventoryItem\InventoryItem.cpp">
      <Filter>Source Files</Filter>
    </ClCompile>
    <ClCompile Include="src\TEN\Flow\Level\Level.cpp">
      <Filter>Source Files</Filter>
    </ClCompile>
    <ClCompile Include="src\TEN\Flow\Mirror\Mirror.cpp">
      <Filter>Source Files</Filter>
    </ClCompile>
    <ClCompile Include="src\TEN\Flow\SkyLayer\SkyLayer.cpp">
      <Filter>Source Files</Filter>
    </ClCompile>
    <ClCompile Include="src\TEN\Flow\FlowHandler.cpp">
      <Filter>Source Files</Filter>
    </ClCompile>
    <ClCompile Include="src\TEN\Inventory\InventoryHandler.cpp">
      <Filter>Source Files</Filter>
    </ClCompile>
    <ClCompile Include="src\TEN\Logic\LogicHandler.cpp">
      <Filter>Source Files</Filter>
    </ClCompile>
    <ClCompile Include="src\TEN\Misc\Misc.cpp">
      <Filter>Source Files</Filter>
    </ClCompile>
    <ClCompile Include="src\TEN\Objects\AIObject\AIObject.cpp">
      <Filter>Source Files</Filter>
    </ClCompile>
    <ClCompile Include="src\TEN\Objects\Camera\Camera.cpp">
      <Filter>Source Files</Filter>
    </ClCompile>
    <ClCompile Include="src\TEN\Objects\Moveable\Moveable.cpp">
      <Filter>Source Files</Filter>
    </ClCompile>
    <ClCompile Include="src\TEN\Objects\Sink\Sink.cpp">
      <Filter>Source Files</Filter>
    </ClCompile>
    <ClCompile Include="src\TEN\Objects\SoundSource\SoundSource.cpp">
      <Filter>Source Files</Filter>
    </ClCompile>
    <ClCompile Include="src\TEN\Objects\Static\Static.cpp">
      <Filter>Source Files</Filter>
    </ClCompile>
    <ClCompile Include="src\TEN\Objects\ObjectsHandler.cpp">
      <Filter>Source Files</Filter>
    </ClCompile>
    <ClCompile Include="src\TEN\Position\Position.cpp">
      <Filter>Source Files</Filter>
    </ClCompile>
    <ClCompile Include="src\TEN\Rotation\Rotation.cpp">
      <Filter>Source Files</Filter>
    </ClCompile>
    <ClCompile Include="src\TEN\Strings\DisplayString\DisplayString.cpp">
      <Filter>Source Files</Filter>
    </ClCompile>
    <ClCompile Include="src\TEN\Strings\StringsHandler.cpp">
      <Filter>Source Files</Filter>
    </ClCompile>
    <ClCompile Include="src\TEN\Flow\Fog\Fog.cpp">
      <Filter>Source Files</Filter>
    </ClCompile>
    <ClCompile Include="src\TEN\Flow\Settings\Settings.cpp">
      <Filter>Source Files</Filter>
    </ClCompile>
  </ItemGroup>
  <ItemGroup>
    <None Include="packages.config" />
  </ItemGroup>
</Project>